
Microsoft Visual Studio Solution File, Format Version 12.00
# Visual Studio Version 17
Project("{8BC9CEB8-8B4A-11D0-8D11-00A0C91BC942}") = "ALL_BUILD", "ALL_BUILD.vcxproj", "{CA5D6B94-8D6B-317E-B0E5-565BFAEF0103}"
	ProjectSection(ProjectDependencies) = postProject
		{FED4F309-C35D-3B56-A051-C099A1E0818E} = {FED4F309-C35D-3B56-A051-C099A1E0818E}
		{4B114CF9-6B06-3440-9AB1-3E49377FE911} = {4B114CF9-6B06-3440-9AB1-3E49377FE911}
		{21C8BCCC-A888-34F5-AE64-1BA652CE4185} = {21C8BCCC-A888-34F5-AE64-1BA652CE4185}
		{53D6B1F5-45D1-3CE8-9B0B-455DEBC1EEE0} = {53D6B1F5-45D1-3CE8-9B0B-455DEBC1EEE0}
		{C5A68D8E-7465-30B7-8F19-DD49FCEEEAD8} = {C5A68D8E-7465-30B7-8F19-DD49FCEEEAD8}
		{8283E332-3B6B-31ED-BF0C-B904BA72ADFF} = {8283E332-3B6B-31ED-BF0C-B904BA72ADFF}
		{13A81F05-1E38-3960-B40F-1BD37E1491D0} = {13A81F05-1E38-3960-B40F-1BD37E1491D0}
		{9B3FB15B-198B-3D13-90EB-5866224FD328} = {9B3FB15B-198B-3D13-90EB-5866224FD328}
		{B5FE3B44-E8D5-3C61-B52B-433AFE324997} = {B5FE3B44-E8D5-3C61-B52B-433AFE324997}
		{C54E2589-6C87-3D0B-B356-4BE65145130A} = {C54E2589-6C87-3D0B-B356-4BE65145130A}
		{D587A6C3-4EBE-3F38-9AEA-CD130D1AFC7E} = {D587A6C3-4EBE-3F38-9AEA-CD130D1AFC7E}
		{21332E38-5EAF-3996-98F7-F5607663D3B7} = {21332E38-5EAF-3996-98F7-F5607663D3B7}
		{5CD04A89-F25B-3BC9-9261-4D2A6F608543} = {5CD04A89-F25B-3BC9-9261-4D2A6F608543}
		{98FBCE42-065F-3BAD-8ED9-8EEE8662C3EE} = {98FBCE42-065F-3BAD-8ED9-8EEE8662C3EE}
		{133C95C0-244B-3C57-A98D-90E9E613656C} = {133C95C0-244B-3C57-A98D-90E9E613656C}
		{5E6038F6-59BB-314C-BD5D-38162D9376A8} = {5E6038F6-59BB-314C-BD5D-38162D9376A8}
		{77ED0698-9C5D-3C10-872A-8E3F311DF01F} = {77ED0698-9C5D-3C10-872A-8E3F311DF01F}
		{97D2C183-64C0-3B10-8A53-A1FFC725A163} = {97D2C183-64C0-3B10-8A53-A1FFC725A163}
		{41C1F206-3897-3484-A5A1-A909B06E3BCF} = {41C1F206-3897-3484-A5A1-A909B06E3BCF}
		{72192D6E-E80A-3EC8-9A3E-4256F58246CF} = {72192D6E-E80A-3EC8-9A3E-4256F58246CF}
		{735100A1-2465-3A01-B394-A71F73449AF9} = {735100A1-2465-3A01-B394-A71F73449AF9}
		{EEF580CE-175B-32DF-9710-5F9ABD294408} = {EEF580CE-175B-32DF-9710-5F9ABD294408}
		{99B85CCF-FEB6-3468-A64B-F1E75AFD11B2} = {99B85CCF-FEB6-3468-A64B-F1E75AFD11B2}
		{15F7DC17-A476-31D9-8485-12F85999E6A3} = {15F7DC17-A476-31D9-8485-12F85999E6A3}
		{2DBE119B-55D0-3445-9730-8E30A09C764E} = {2DBE119B-55D0-3445-9730-8E30A09C764E}
	EndProjectSection
EndProject
Project("{8BC9CEB8-8B4A-11D0-8D11-00A0C91BC942}") = "Detour", "deps\recastnavigation\Detour\Detour.vcxproj", "{FED4F309-C35D-3B56-A051-C099A1E0818E}"
	ProjectSection(ProjectDependencies) = postProject
		{21C8BCCC-A888-34F5-AE64-1BA652CE4185} = {21C8BCCC-A888-34F5-AE64-1BA652CE4185}
		{2DBE119B-55D0-3445-9730-8E30A09C764E} = {2DBE119B-55D0-3445-9730-8E30A09C764E}
	EndProjectSection
EndProject
Project("{8BC9CEB8-8B4A-11D0-8D11-00A0C91BC942}") = "INSTALL", "INSTALL.vcxproj", "{3E090996-5401-3AEC-9075-4FB62E1D56C6}"
	ProjectSection(ProjectDependencies) = postProject
		{CA5D6B94-8D6B-317E-B0E5-565BFAEF0103} = {CA5D6B94-8D6B-317E-B0E5-565BFAEF0103}
		{21C8BCCC-A888-34F5-AE64-1BA652CE4185} = {21C8BCCC-A888-34F5-AE64-1BA652CE4185}
	EndProjectSection
EndProject
Project("{8BC9CEB8-8B4A-11D0-8D11-00A0C91BC942}") = "Recast", "deps\recastnavigation\Recast\Recast.vcxproj", "{4B114CF9-6B06-3440-9AB1-3E49377FE911}"
	ProjectSection(ProjectDependencies) = postProject
		{21C8BCCC-A888-34F5-AE64-1BA652CE4185} = {21C8BCCC-A888-34F5-AE64-1BA652CE4185}
		{2DBE119B-55D0-3445-9730-8E30A09C764E} = {2DBE119B-55D0-3445-9730-8E30A09C764E}
	EndProjectSection
EndProject
Project("{8BC9CEB8-8B4A-11D0-8D11-00A0C91BC942}") = "ZERO_CHECK", "ZERO_CHECK.vcxproj", "{21C8BCCC-A888-34F5-AE64-1BA652CE4185}"
	ProjectSection(ProjectDependencies) = postProject
	EndProjectSection
EndProject
Project("{8BC9CEB8-8B4A-11D0-8D11-00A0C91BC942}") = "argon2", "deps\argon2\argon2.vcxproj", "{53D6B1F5-45D1-3CE8-9B0B-455DEBC1EEE0}"
	ProjectSection(ProjectDependencies) = postProject
		{21C8BCCC-A888-34F5-AE64-1BA652CE4185} = {21C8BCCC-A888-34F5-AE64-1BA652CE4185}
	EndProjectSection
EndProject
Project("{8BC9CEB8-8B4A-11D0-8D11-00A0C91BC942}") = "authserver", "src\server\apps\authserver.vcxproj", "{C5A68D8E-7465-30B7-8F19-DD49FCEEEAD8}"
	ProjectSection(ProjectDependencies) = postProject
		{FED4F309-C35D-3B56-A051-C099A1E0818E} = {FED4F309-C35D-3B56-A051-C099A1E0818E}
		{21C8BCCC-A888-34F5-AE64-1BA652CE4185} = {21C8BCCC-A888-34F5-AE64-1BA652CE4185}
		{53D6B1F5-45D1-3CE8-9B0B-455DEBC1EEE0} = {53D6B1F5-45D1-3CE8-9B0B-455DEBC1EEE0}
		{13A81F05-1E38-3960-B40F-1BD37E1491D0} = {13A81F05-1E38-3960-B40F-1BD37E1491D0}
		{9B3FB15B-198B-3D13-90EB-5866224FD328} = {9B3FB15B-198B-3D13-90EB-5866224FD328}
		{C54E2589-6C87-3D0B-B356-4BE65145130A} = {C54E2589-6C87-3D0B-B356-4BE65145130A}
		{D587A6C3-4EBE-3F38-9AEA-CD130D1AFC7E} = {D587A6C3-4EBE-3F38-9AEA-CD130D1AFC7E}
		{97D2C183-64C0-3B10-8A53-A1FFC725A163} = {97D2C183-64C0-3B10-8A53-A1FFC725A163}
		{72192D6E-E80A-3EC8-9A3E-4256F58246CF} = {72192D6E-E80A-3EC8-9A3E-4256F58246CF}
		{735100A1-2465-3A01-B394-A71F73449AF9} = {735100A1-2465-3A01-B394-A71F73449AF9}
		{2DBE119B-55D0-3445-9730-8E30A09C764E} = {2DBE119B-55D0-3445-9730-8E30A09C764E}
	EndProjectSection
EndProject
Project("{8BC9CEB8-8B4A-11D0-8D11-00A0C91BC942}") = "bzip2", "deps\bzip2\bzip2.vcxproj", "{8283E332-3B6B-31ED-BF0C-B904BA72ADFF}"
	ProjectSection(ProjectDependencies) = postProject
		{21C8BCCC-A888-34F5-AE64-1BA652CE4185} = {21C8BCCC-A888-34F5-AE64-1BA652CE4185}
	EndProjectSection
EndProject
Project("{8BC9CEB8-8B4A-11D0-8D11-00A0C91BC942}") = "common", "src\common\common.vcxproj", "{13A81F05-1E38-3960-B40F-1BD37E1491D0}"
	ProjectSection(ProjectDependencies) = postProject
		{FED4F309-C35D-3B56-A051-C099A1E0818E} = {FED4F309-C35D-3B56-A051-C099A1E0818E}
		{21C8BCCC-A888-34F5-AE64-1BA652CE4185} = {21C8BCCC-A888-34F5-AE64-1BA652CE4185}
		{53D6B1F5-45D1-3CE8-9B0B-455DEBC1EEE0} = {53D6B1F5-45D1-3CE8-9B0B-455DEBC1EEE0}
		{C54E2589-6C87-3D0B-B356-4BE65145130A} = {C54E2589-6C87-3D0B-B356-4BE65145130A}
		{D587A6C3-4EBE-3F38-9AEA-CD130D1AFC7E} = {D587A6C3-4EBE-3F38-9AEA-CD130D1AFC7E}
		{72192D6E-E80A-3EC8-9A3E-4256F58246CF} = {72192D6E-E80A-3EC8-9A3E-4256F58246CF}
		{2DBE119B-55D0-3445-9730-8E30A09C764E} = {2DBE119B-55D0-3445-9730-8E30A09C764E}
	EndProjectSection
EndProject
Project("{8BC9CEB8-8B4A-11D0-8D11-00A0C91BC942}") = "database", "src\server\database\database.vcxproj", "{9B3FB15B-198B-3D13-90EB-5866224FD328}"
	ProjectSection(ProjectDependencies) = postProject
		{FED4F309-C35D-3B56-A051-C099A1E0818E} = {FED4F309-C35D-3B56-A051-C099A1E0818E}
		{21C8BCCC-A888-34F5-AE64-1BA652CE4185} = {21C8BCCC-A888-34F5-AE64-1BA652CE4185}
		{53D6B1F5-45D1-3CE8-9B0B-455DEBC1EEE0} = {53D6B1F5-45D1-3CE8-9B0B-455DEBC1EEE0}
		{13A81F05-1E38-3960-B40F-1BD37E1491D0} = {13A81F05-1E38-3960-B40F-1BD37E1491D0}
		{C54E2589-6C87-3D0B-B356-4BE65145130A} = {C54E2589-6C87-3D0B-B356-4BE65145130A}
		{D587A6C3-4EBE-3F38-9AEA-CD130D1AFC7E} = {D587A6C3-4EBE-3F38-9AEA-CD130D1AFC7E}
		{72192D6E-E80A-3EC8-9A3E-4256F58246CF} = {72192D6E-E80A-3EC8-9A3E-4256F58246CF}
		{2DBE119B-55D0-3445-9730-8E30A09C764E} = {2DBE119B-55D0-3445-9730-8E30A09C764E}
	EndProjectSection
EndProject
Project("{8BC9CEB8-8B4A-11D0-8D11-00A0C91BC942}") = "dbimport", "src\tools\dbimport.vcxproj", "{B5FE3B44-E8D5-3C61-B52B-433AFE324997}"
	ProjectSection(ProjectDependencies) = postProject
		{FED4F309-C35D-3B56-A051-C099A1E0818E} = {FED4F309-C35D-3B56-A051-C099A1E0818E}
		{21C8BCCC-A888-34F5-AE64-1BA652CE4185} = {21C8BCCC-A888-34F5-AE64-1BA652CE4185}
		{53D6B1F5-45D1-3CE8-9B0B-455DEBC1EEE0} = {53D6B1F5-45D1-3CE8-9B0B-455DEBC1EEE0}
		{13A81F05-1E38-3960-B40F-1BD37E1491D0} = {13A81F05-1E38-3960-B40F-1BD37E1491D0}
		{9B3FB15B-198B-3D13-90EB-5866224FD328} = {9B3FB15B-198B-3D13-90EB-5866224FD328}
		{C54E2589-6C87-3D0B-B356-4BE65145130A} = {C54E2589-6C87-3D0B-B356-4BE65145130A}
		{D587A6C3-4EBE-3F38-9AEA-CD130D1AFC7E} = {D587A6C3-4EBE-3F38-9AEA-CD130D1AFC7E}
		{97D2C183-64C0-3B10-8A53-A1FFC725A163} = {97D2C183-64C0-3B10-8A53-A1FFC725A163}
		{72192D6E-E80A-3EC8-9A3E-4256F58246CF} = {72192D6E-E80A-3EC8-9A3E-4256F58246CF}
		{2DBE119B-55D0-3445-9730-8E30A09C764E} = {2DBE119B-55D0-3445-9730-8E30A09C764E}
	EndProjectSection
EndProject
Project("{8BC9CEB8-8B4A-11D0-8D11-00A0C91BC942}") = "fmt", "deps\fmt\fmt.vcxproj", "{C54E2589-6C87-3D0B-B356-4BE65145130A}"
	ProjectSection(ProjectDependencies) = postProject
		{21C8BCCC-A888-34F5-AE64-1BA652CE4185} = {21C8BCCC-A888-34F5-AE64-1BA652CE4185}
	EndProjectSection
EndProject
Project("{8BC9CEB8-8B4A-11D0-8D11-00A0C91BC942}") = "g3dlib", "deps\g3dlite\g3dlib.vcxproj", "{D587A6C3-4EBE-3F38-9AEA-CD130D1AFC7E}"
	ProjectSection(ProjectDependencies) = postProject
		{21C8BCCC-A888-34F5-AE64-1BA652CE4185} = {21C8BCCC-A888-34F5-AE64-1BA652CE4185}
		{2DBE119B-55D0-3445-9730-8E30A09C764E} = {2DBE119B-55D0-3445-9730-8E30A09C764E}
	EndProjectSection
EndProject
Project("{8BC9CEB8-8B4A-11D0-8D11-00A0C91BC942}") = "game", "src\server\game\game.vcxproj", "{21332E38-5EAF-3996-98F7-F5607663D3B7}"
	ProjectSection(ProjectDependencies) = postProject
		{FED4F309-C35D-3B56-A051-C099A1E0818E} = {FED4F309-C35D-3B56-A051-C099A1E0818E}
		{21C8BCCC-A888-34F5-AE64-1BA652CE4185} = {21C8BCCC-A888-34F5-AE64-1BA652CE4185}
		{53D6B1F5-45D1-3CE8-9B0B-455DEBC1EEE0} = {53D6B1F5-45D1-3CE8-9B0B-455DEBC1EEE0}
		{13A81F05-1E38-3960-B40F-1BD37E1491D0} = {13A81F05-1E38-3960-B40F-1BD37E1491D0}
		{9B3FB15B-198B-3D13-90EB-5866224FD328} = {9B3FB15B-198B-3D13-90EB-5866224FD328}
		{C54E2589-6C87-3D0B-B356-4BE65145130A} = {C54E2589-6C87-3D0B-B356-4BE65145130A}
		{D587A6C3-4EBE-3F38-9AEA-CD130D1AFC7E} = {D587A6C3-4EBE-3F38-9AEA-CD130D1AFC7E}
		{97D2C183-64C0-3B10-8A53-A1FFC725A163} = {97D2C183-64C0-3B10-8A53-A1FFC725A163}
		{72192D6E-E80A-3EC8-9A3E-4256F58246CF} = {72192D6E-E80A-3EC8-9A3E-4256F58246CF}
		{735100A1-2465-3A01-B394-A71F73449AF9} = {735100A1-2465-3A01-B394-A71F73449AF9}
		{2DBE119B-55D0-3445-9730-8E30A09C764E} = {2DBE119B-55D0-3445-9730-8E30A09C764E}
	EndProjectSection
EndProject
Project("{8BC9CEB8-8B4A-11D0-8D11-00A0C91BC942}") = "gsoap", "deps\gsoap\gsoap.vcxproj", "{5CD04A89-F25B-3BC9-9261-4D2A6F608543}"
	ProjectSection(ProjectDependencies) = postProject
		{21C8BCCC-A888-34F5-AE64-1BA652CE4185} = {21C8BCCC-A888-34F5-AE64-1BA652CE4185}
	EndProjectSection
EndProject
Project("{8BC9CEB8-8B4A-11D0-8D11-00A0C91BC942}") = "map_extractor", "src\tools\map_extractor.vcxproj", "{98FBCE42-065F-3BAD-8ED9-8EEE8662C3EE}"
	ProjectSection(ProjectDependencies) = postProject
		{FED4F309-C35D-3B56-A051-C099A1E0818E} = {FED4F309-C35D-3B56-A051-C099A1E0818E}
		{4B114CF9-6B06-3440-9AB1-3E49377FE911} = {4B114CF9-6B06-3440-9AB1-3E49377FE911}
		{21C8BCCC-A888-34F5-AE64-1BA652CE4185} = {21C8BCCC-A888-34F5-AE64-1BA652CE4185}
		{53D6B1F5-45D1-3CE8-9B0B-455DEBC1EEE0} = {53D6B1F5-45D1-3CE8-9B0B-455DEBC1EEE0}
		{8283E332-3B6B-31ED-BF0C-B904BA72ADFF} = {8283E332-3B6B-31ED-BF0C-B904BA72ADFF}
		{13A81F05-1E38-3960-B40F-1BD37E1491D0} = {13A81F05-1E38-3960-B40F-1BD37E1491D0}
		{C54E2589-6C87-3D0B-B356-4BE65145130A} = {C54E2589-6C87-3D0B-B356-4BE65145130A}
		{D587A6C3-4EBE-3F38-9AEA-CD130D1AFC7E} = {D587A6C3-4EBE-3F38-9AEA-CD130D1AFC7E}
		{77ED0698-9C5D-3C10-872A-8E3F311DF01F} = {77ED0698-9C5D-3C10-872A-8E3F311DF01F}
		{97D2C183-64C0-3B10-8A53-A1FFC725A163} = {97D2C183-64C0-3B10-8A53-A1FFC725A163}
		{72192D6E-E80A-3EC8-9A3E-4256F58246CF} = {72192D6E-E80A-3EC8-9A3E-4256F58246CF}
		{2DBE119B-55D0-3445-9730-8E30A09C764E} = {2DBE119B-55D0-3445-9730-8E30A09C764E}
	EndProjectSection
EndProject
Project("{8BC9CEB8-8B4A-11D0-8D11-00A0C91BC942}") = "mmaps_generator", "src\tools\mmaps_generator.vcxproj", "{133C95C0-244B-3C57-A98D-90E9E613656C}"
	ProjectSection(ProjectDependencies) = postProject
		{FED4F309-C35D-3B56-A051-C099A1E0818E} = {FED4F309-C35D-3B56-A051-C099A1E0818E}
		{4B114CF9-6B06-3440-9AB1-3E49377FE911} = {4B114CF9-6B06-3440-9AB1-3E49377FE911}
		{21C8BCCC-A888-34F5-AE64-1BA652CE4185} = {21C8BCCC-A888-34F5-AE64-1BA652CE4185}
		{53D6B1F5-45D1-3CE8-9B0B-455DEBC1EEE0} = {53D6B1F5-45D1-3CE8-9B0B-455DEBC1EEE0}
		{8283E332-3B6B-31ED-BF0C-B904BA72ADFF} = {8283E332-3B6B-31ED-BF0C-B904BA72ADFF}
		{13A81F05-1E38-3960-B40F-1BD37E1491D0} = {13A81F05-1E38-3960-B40F-1BD37E1491D0}
		{C54E2589-6C87-3D0B-B356-4BE65145130A} = {C54E2589-6C87-3D0B-B356-4BE65145130A}
		{D587A6C3-4EBE-3F38-9AEA-CD130D1AFC7E} = {D587A6C3-4EBE-3F38-9AEA-CD130D1AFC7E}
		{77ED0698-9C5D-3C10-872A-8E3F311DF01F} = {77ED0698-9C5D-3C10-872A-8E3F311DF01F}
		{97D2C183-64C0-3B10-8A53-A1FFC725A163} = {97D2C183-64C0-3B10-8A53-A1FFC725A163}
		{72192D6E-E80A-3EC8-9A3E-4256F58246CF} = {72192D6E-E80A-3EC8-9A3E-4256F58246CF}
		{2DBE119B-55D0-3445-9730-8E30A09C764E} = {2DBE119B-55D0-3445-9730-8E30A09C764E}
	EndProjectSection
EndProject
Project("{8BC9CEB8-8B4A-11D0-8D11-00A0C91BC942}") = "modules", "modules\modules.vcxproj", "{5E6038F6-59BB-314C-BD5D-38162D9376A8}"
	ProjectSection(ProjectDependencies) = postProject
		{FED4F309-C35D-3B56-A051-C099A1E0818E} = {FED4F309-C35D-3B56-A051-C099A1E0818E}
		{21C8BCCC-A888-34F5-AE64-1BA652CE4185} = {21C8BCCC-A888-34F5-AE64-1BA652CE4185}
		{53D6B1F5-45D1-3CE8-9B0B-455DEBC1EEE0} = {53D6B1F5-45D1-3CE8-9B0B-455DEBC1EEE0}
		{13A81F05-1E38-3960-B40F-1BD37E1491D0} = {13A81F05-1E38-3960-B40F-1BD37E1491D0}
		{9B3FB15B-198B-3D13-90EB-5866224FD328} = {9B3FB15B-198B-3D13-90EB-5866224FD328}
		{C54E2589-6C87-3D0B-B356-4BE65145130A} = {C54E2589-6C87-3D0B-B356-4BE65145130A}
		{D587A6C3-4EBE-3F38-9AEA-CD130D1AFC7E} = {D587A6C3-4EBE-3F38-9AEA-CD130D1AFC7E}
		{72192D6E-E80A-3EC8-9A3E-4256F58246CF} = {72192D6E-E80A-3EC8-9A3E-4256F58246CF}
		{735100A1-2465-3A01-B394-A71F73449AF9} = {735100A1-2465-3A01-B394-A71F73449AF9}
		{2DBE119B-55D0-3445-9730-8E30A09C764E} = {2DBE119B-55D0-3445-9730-8E30A09C764E}
	EndProjectSection
EndProject
Project("{8BC9CEB8-8B4A-11D0-8D11-00A0C91BC942}") = "mpq", "deps\libmpq\mpq.vcxproj", "{77ED0698-9C5D-3C10-872A-8E3F311DF01F}"
	ProjectSection(ProjectDependencies) = postProject
		{21C8BCCC-A888-34F5-AE64-1BA652CE4185} = {21C8BCCC-A888-34F5-AE64-1BA652CE4185}
		{8283E332-3B6B-31ED-BF0C-B904BA72ADFF} = {8283E332-3B6B-31ED-BF0C-B904BA72ADFF}
		{2DBE119B-55D0-3445-9730-8E30A09C764E} = {2DBE119B-55D0-3445-9730-8E30A09C764E}
	EndProjectSection
EndProject
Project("{8BC9CEB8-8B4A-11D0-8D11-00A0C91BC942}") = "revision.h", "src\genrev\revision.h.vcxproj", "{97D2C183-64C0-3B10-8A53-A1FFC725A163}"
	ProjectSection(ProjectDependencies) = postProject
		{21C8BCCC-A888-34F5-AE64-1BA652CE4185} = {21C8BCCC-A888-34F5-AE64-1BA652CE4185}
	EndProjectSection
EndProject
Project("{8BC9CEB8-8B4A-11D0-8D11-00A0C91BC942}") = "scripts", "src\server\scripts\scripts.vcxproj", "{41C1F206-3897-3484-A5A1-A909B06E3BCF}"
	ProjectSection(ProjectDependencies) = postProject
		{FED4F309-C35D-3B56-A051-C099A1E0818E} = {FED4F309-C35D-3B56-A051-C099A1E0818E}
		{21C8BCCC-A888-34F5-AE64-1BA652CE4185} = {21C8BCCC-A888-34F5-AE64-1BA652CE4185}
		{53D6B1F5-45D1-3CE8-9B0B-455DEBC1EEE0} = {53D6B1F5-45D1-3CE8-9B0B-455DEBC1EEE0}
		{13A81F05-1E38-3960-B40F-1BD37E1491D0} = {13A81F05-1E38-3960-B40F-1BD37E1491D0}
		{9B3FB15B-198B-3D13-90EB-5866224FD328} = {9B3FB15B-198B-3D13-90EB-5866224FD328}
		{C54E2589-6C87-3D0B-B356-4BE65145130A} = {C54E2589-6C87-3D0B-B356-4BE65145130A}
		{D587A6C3-4EBE-3F38-9AEA-CD130D1AFC7E} = {D587A6C3-4EBE-3F38-9AEA-CD130D1AFC7E}
		{72192D6E-E80A-3EC8-9A3E-4256F58246CF} = {72192D6E-E80A-3EC8-9A3E-4256F58246CF}
		{735100A1-2465-3A01-B394-A71F73449AF9} = {735100A1-2465-3A01-B394-A71F73449AF9}
		{2DBE119B-55D0-3445-9730-8E30A09C764E} = {2DBE119B-55D0-3445-9730-8E30A09C764E}
	EndProjectSection
EndProject
Project("{8BC9CEB8-8B4A-11D0-8D11-00A0C91BC942}") = "sfmt", "deps\SFMT\sfmt.vcxproj", "{72192D6E-E80A-3EC8-9A3E-4256F58246CF}"
	ProjectSection(ProjectDependencies) = postProject
		{21C8BCCC-A888-34F5-AE64-1BA652CE4185} = {21C8BCCC-A888-34F5-AE64-1BA652CE4185}
	EndProjectSection
EndProject
Project("{8BC9CEB8-8B4A-11D0-8D11-00A0C91BC942}") = "shared", "src\server\shared\shared.vcxproj", "{735100A1-2465-3A01-B394-A71F73449AF9}"
	ProjectSection(ProjectDependencies) = postProject
		{FED4F309-C35D-3B56-A051-C099A1E0818E} = {FED4F309-C35D-3B56-A051-C099A1E0818E}
		{21C8BCCC-A888-34F5-AE64-1BA652CE4185} = {21C8BCCC-A888-34F5-AE64-1BA652CE4185}
		{53D6B1F5-45D1-3CE8-9B0B-455DEBC1EEE0} = {53D6B1F5-45D1-3CE8-9B0B-455DEBC1EEE0}
		{13A81F05-1E38-3960-B40F-1BD37E1491D0} = {13A81F05-1E38-3960-B40F-1BD37E1491D0}
		{9B3FB15B-198B-3D13-90EB-5866224FD328} = {9B3FB15B-198B-3D13-90EB-5866224FD328}
		{C54E2589-6C87-3D0B-B356-4BE65145130A} = {C54E2589-6C87-3D0B-B356-4BE65145130A}
		{D587A6C3-4EBE-3F38-9AEA-CD130D1AFC7E} = {D587A6C3-4EBE-3F38-9AEA-CD130D1AFC7E}
		{72192D6E-E80A-3EC8-9A3E-4256F58246CF} = {72192D6E-E80A-3EC8-9A3E-4256F58246CF}
		{2DBE119B-55D0-3445-9730-8E30A09C764E} = {2DBE119B-55D0-3445-9730-8E30A09C764E}
	EndProjectSection
EndProject
Project("{8BC9CEB8-8B4A-11D0-8D11-00A0C91BC942}") = "vmap4_assembler", "src\tools\vmap4_assembler.vcxproj", "{EEF580CE-175B-32DF-9710-5F9ABD294408}"
	ProjectSection(ProjectDependencies) = postProject
		{FED4F309-C35D-3B56-A051-C099A1E0818E} = {FED4F309-C35D-3B56-A051-C099A1E0818E}
		{4B114CF9-6B06-3440-9AB1-3E49377FE911} = {4B114CF9-6B06-3440-9AB1-3E49377FE911}
		{21C8BCCC-A888-34F5-AE64-1BA652CE4185} = {21C8BCCC-A888-34F5-AE64-1BA652CE4185}
		{53D6B1F5-45D1-3CE8-9B0B-455DEBC1EEE0} = {53D6B1F5-45D1-3CE8-9B0B-455DEBC1EEE0}
		{8283E332-3B6B-31ED-BF0C-B904BA72ADFF} = {8283E332-3B6B-31ED-BF0C-B904BA72ADFF}
		{13A81F05-1E38-3960-B40F-1BD37E1491D0} = {13A81F05-1E38-3960-B40F-1BD37E1491D0}
		{C54E2589-6C87-3D0B-B356-4BE65145130A} = {C54E2589-6C87-3D0B-B356-4BE65145130A}
		{D587A6C3-4EBE-3F38-9AEA-CD130D1AFC7E} = {D587A6C3-4EBE-3F38-9AEA-CD130D1AFC7E}
		{77ED0698-9C5D-3C10-872A-8E3F311DF01F} = {77ED0698-9C5D-3C10-872A-8E3F311DF01F}
		{97D2C183-64C0-3B10-8A53-A1FFC725A163} = {97D2C183-64C0-3B10-8A53-A1FFC725A163}
		{72192D6E-E80A-3EC8-9A3E-4256F58246CF} = {72192D6E-E80A-3EC8-9A3E-4256F58246CF}
		{2DBE119B-55D0-3445-9730-8E30A09C764E} = {2DBE119B-55D0-3445-9730-8E30A09C764E}
	EndProjectSection
EndProject
Project("{8BC9CEB8-8B4A-11D0-8D11-00A0C91BC942}") = "vmap4_extractor", "src\tools\vmap4_extractor.vcxproj", "{99B85CCF-FEB6-3468-A64B-F1E75AFD11B2}"
	ProjectSection(ProjectDependencies) = postProject
		{FED4F309-C35D-3B56-A051-C099A1E0818E} = {FED4F309-C35D-3B56-A051-C099A1E0818E}
		{4B114CF9-6B06-3440-9AB1-3E49377FE911} = {4B114CF9-6B06-3440-9AB1-3E49377FE911}
		{21C8BCCC-A888-34F5-AE64-1BA652CE4185} = {21C8BCCC-A888-34F5-AE64-1BA652CE4185}
		{53D6B1F5-45D1-3CE8-9B0B-455DEBC1EEE0} = {53D6B1F5-45D1-3CE8-9B0B-455DEBC1EEE0}
		{8283E332-3B6B-31ED-BF0C-B904BA72ADFF} = {8283E332-3B6B-31ED-BF0C-B904BA72ADFF}
		{13A81F05-1E38-3960-B40F-1BD37E1491D0} = {13A81F05-1E38-3960-B40F-1BD37E1491D0}
		{C54E2589-6C87-3D0B-B356-4BE65145130A} = {C54E2589-6C87-3D0B-B356-4BE65145130A}
		{D587A6C3-4EBE-3F38-9AEA-CD130D1AFC7E} = {D587A6C3-4EBE-3F38-9AEA-CD130D1AFC7E}
		{77ED0698-9C5D-3C10-872A-8E3F311DF01F} = {77ED0698-9C5D-3C10-872A-8E3F311DF01F}
		{97D2C183-64C0-3B10-8A53-A1FFC725A163} = {97D2C183-64C0-3B10-8A53-A1FFC725A163}
		{72192D6E-E80A-3EC8-9A3E-4256F58246CF} = {72192D6E-E80A-3EC8-9A3E-4256F58246CF}
		{2DBE119B-55D0-3445-9730-8E30A09C764E} = {2DBE119B-55D0-3445-9730-8E30A09C764E}
	EndProjectSection
EndProject
Project("{8BC9CEB8-8B4A-11D0-8D11-00A0C91BC942}") = "worldserver", "src\server\apps\worldserver.vcxproj", "{15F7DC17-A476-31D9-8485-12F85999E6A3}"
	ProjectSection(ProjectDependencies) = postProject
		{FED4F309-C35D-3B56-A051-C099A1E0818E} = {FED4F309-C35D-3B56-A051-C099A1E0818E}
		{21C8BCCC-A888-34F5-AE64-1BA652CE4185} = {21C8BCCC-A888-34F5-AE64-1BA652CE4185}
		{53D6B1F5-45D1-3CE8-9B0B-455DEBC1EEE0} = {53D6B1F5-45D1-3CE8-9B0B-455DEBC1EEE0}
		{13A81F05-1E38-3960-B40F-1BD37E1491D0} = {13A81F05-1E38-3960-B40F-1BD37E1491D0}
		{9B3FB15B-198B-3D13-90EB-5866224FD328} = {9B3FB15B-198B-3D13-90EB-5866224FD328}
		{C54E2589-6C87-3D0B-B356-4BE65145130A} = {C54E2589-6C87-3D0B-B356-4BE65145130A}
		{D587A6C3-4EBE-3F38-9AEA-CD130D1AFC7E} = {D587A6C3-4EBE-3F38-9AEA-CD130D1AFC7E}
		{21332E38-5EAF-3996-98F7-F5607663D3B7} = {21332E38-5EAF-3996-98F7-F5607663D3B7}
		{5CD04A89-F25B-3BC9-9261-4D2A6F608543} = {5CD04A89-F25B-3BC9-9261-4D2A6F608543}
		{5E6038F6-59BB-314C-BD5D-38162D9376A8} = {5E6038F6-59BB-314C-BD5D-38162D9376A8}
		{97D2C183-64C0-3B10-8A53-A1FFC725A163} = {97D2C183-64C0-3B10-8A53-A1FFC725A163}
		{41C1F206-3897-3484-A5A1-A909B06E3BCF} = {41C1F206-3897-3484-A5A1-A909B06E3BCF}
		{72192D6E-E80A-3EC8-9A3E-4256F58246CF} = {72192D6E-E80A-3EC8-9A3E-4256F58246CF}
		{735100A1-2465-3A01-B394-A71F73449AF9} = {735100A1-2465-3A01-B394-A71F73449AF9}
		{2DBE119B-55D0-3445-9730-8E30A09C764E} = {2DBE119B-55D0-3445-9730-8E30A09C764E}
	EndProjectSection
EndProject
Project("{8BC9CEB8-8B4A-11D0-8D11-00A0C91BC942}") = "zlib", "deps\zlib\zlib.vcxproj", "{2DBE119B-55D0-3445-9730-8E30A09C764E}"
	ProjectSection(ProjectDependencies) = postProject
		{21C8BCCC-A888-34F5-AE64-1BA652CE4185} = {21C8BCCC-A888-34F5-AE64-1BA652CE4185}
	EndProjectSection
EndProject
Global
	GlobalSection(SolutionConfigurationPlatforms) = preSolution
		Debug|x64 = Debug|x64
		Release|x64 = Release|x64
		MinSizeRel|x64 = MinSizeRel|x64
		RelWithDebInfo|x64 = RelWithDebInfo|x64
	EndGlobalSection
	GlobalSection(ProjectConfigurationPlatforms) = postSolution
		{CA5D6B94-8D6B-317E-B0E5-565BFAEF0103}.Debug|x64.ActiveCfg = Debug|x64
		{CA5D6B94-8D6B-317E-B0E5-565BFAEF0103}.Debug|x64.Build.0 = Debug|x64
		{CA5D6B94-8D6B-317E-B0E5-565BFAEF0103}.Release|x64.ActiveCfg = Release|x64
		{CA5D6B94-8D6B-317E-B0E5-565BFAEF0103}.Release|x64.Build.0 = Release|x64
		{CA5D6B94-8D6B-317E-B0E5-565BFAEF0103}.MinSizeRel|x64.ActiveCfg = MinSizeRel|x64
		{CA5D6B94-8D6B-317E-B0E5-565BFAEF0103}.MinSizeRel|x64.Build.0 = MinSizeRel|x64
		{CA5D6B94-8D6B-317E-B0E5-565BFAEF0103}.RelWithDebInfo|x64.ActiveCfg = RelWithDebInfo|x64
		{CA5D6B94-8D6B-317E-B0E5-565BFAEF0103}.RelWithDebInfo|x64.Build.0 = RelWithDebInfo|x64
		{FED4F309-C35D-3B56-A051-C099A1E0818E}.Debug|x64.ActiveCfg = Debug|x64
		{FED4F309-C35D-3B56-A051-C099A1E0818E}.Debug|x64.Build.0 = Debug|x64
		{FED4F309-C35D-3B56-A051-C099A1E0818E}.Release|x64.ActiveCfg = Release|x64
		{FED4F309-C35D-3B56-A051-C099A1E0818E}.Release|x64.Build.0 = Release|x64
		{FED4F309-C35D-3B56-A051-C099A1E0818E}.MinSizeRel|x64.ActiveCfg = MinSizeRel|x64
		{FED4F309-C35D-3B56-A051-C099A1E0818E}.MinSizeRel|x64.Build.0 = MinSizeRel|x64
		{FED4F309-C35D-3B56-A051-C099A1E0818E}.RelWithDebInfo|x64.ActiveCfg = RelWithDebInfo|x64
		{FED4F309-C35D-3B56-A051-C099A1E0818E}.RelWithDebInfo|x64.Build.0 = RelWithDebInfo|x64
		{3E090996-5401-3AEC-9075-4FB62E1D56C6}.Debug|x64.ActiveCfg = Debug|x64
		{3E090996-5401-3AEC-9075-4FB62E1D56C6}.Release|x64.ActiveCfg = Release|x64
		{3E090996-5401-3AEC-9075-4FB62E1D56C6}.MinSizeRel|x64.ActiveCfg = MinSizeRel|x64
		{3E090996-5401-3AEC-9075-4FB62E1D56C6}.RelWithDebInfo|x64.ActiveCfg = RelWithDebInfo|x64
		{4B114CF9-6B06-3440-9AB1-3E49377FE911}.Debug|x64.ActiveCfg = Debug|x64
		{4B114CF9-6B06-3440-9AB1-3E49377FE911}.Debug|x64.Build.0 = Debug|x64
		{4B114CF9-6B06-3440-9AB1-3E49377FE911}.Release|x64.ActiveCfg = Release|x64
		{4B114CF9-6B06-3440-9AB1-3E49377FE911}.Release|x64.Build.0 = Release|x64
		{4B114CF9-6B06-3440-9AB1-3E49377FE911}.MinSizeRel|x64.ActiveCfg = MinSizeRel|x64
		{4B114CF9-6B06-3440-9AB1-3E49377FE911}.MinSizeRel|x64.Build.0 = MinSizeRel|x64
		{4B114CF9-6B06-3440-9AB1-3E49377FE911}.RelWithDebInfo|x64.ActiveCfg = RelWithDebInfo|x64
		{4B114CF9-6B06-3440-9AB1-3E49377FE911}.RelWithDebInfo|x64.Build.0 = RelWithDebInfo|x64
		{21C8BCCC-A888-34F5-AE64-1BA652CE4185}.Debug|x64.ActiveCfg = Debug|x64
		{21C8BCCC-A888-34F5-AE64-1BA652CE4185}.Debug|x64.Build.0 = Debug|x64
		{21C8BCCC-A888-34F5-AE64-1BA652CE4185}.Release|x64.ActiveCfg = Release|x64
		{21C8BCCC-A888-34F5-AE64-1BA652CE4185}.Release|x64.Build.0 = Release|x64
		{21C8BCCC-A888-34F5-AE64-1BA652CE4185}.MinSizeRel|x64.ActiveCfg = MinSizeRel|x64
		{21C8BCCC-A888-34F5-AE64-1BA652CE4185}.MinSizeRel|x64.Build.0 = MinSizeRel|x64
		{21C8BCCC-A888-34F5-AE64-1BA652CE4185}.RelWithDebInfo|x64.ActiveCfg = RelWithDebInfo|x64
		{21C8BCCC-A888-34F5-AE64-1BA652CE4185}.RelWithDebInfo|x64.Build.0 = RelWithDebInfo|x64
		{53D6B1F5-45D1-3CE8-9B0B-455DEBC1EEE0}.Debug|x64.ActiveCfg = Debug|x64
		{53D6B1F5-45D1-3CE8-9B0B-455DEBC1EEE0}.Debug|x64.Build.0 = Debug|x64
		{53D6B1F5-45D1-3CE8-9B0B-455DEBC1EEE0}.Release|x64.ActiveCfg = Release|x64
		{53D6B1F5-45D1-3CE8-9B0B-455DEBC1EEE0}.Release|x64.Build.0 = Release|x64
		{53D6B1F5-45D1-3CE8-9B0B-455DEBC1EEE0}.MinSizeRel|x64.ActiveCfg = MinSizeRel|x64
		{53D6B1F5-45D1-3CE8-9B0B-455DEBC1EEE0}.MinSizeRel|x64.Build.0 = MinSizeRel|x64
		{53D6B1F5-45D1-3CE8-9B0B-455DEBC1EEE0}.RelWithDebInfo|x64.ActiveCfg = RelWithDebInfo|x64
		{53D6B1F5-45D1-3CE8-9B0B-455DEBC1EEE0}.RelWithDebInfo|x64.Build.0 = RelWithDebInfo|x64
		{C5A68D8E-7465-30B7-8F19-DD49FCEEEAD8}.Debug|x64.ActiveCfg = Debug|x64
		{C5A68D8E-7465-30B7-8F19-DD49FCEEEAD8}.Debug|x64.Build.0 = Debug|x64
		{C5A68D8E-7465-30B7-8F19-DD49FCEEEAD8}.Release|x64.ActiveCfg = Release|x64
		{C5A68D8E-7465-30B7-8F19-DD49FCEEEAD8}.Release|x64.Build.0 = Release|x64
		{C5A68D8E-7465-30B7-8F19-DD49FCEEEAD8}.MinSizeRel|x64.ActiveCfg = MinSizeRel|x64
		{C5A68D8E-7465-30B7-8F19-DD49FCEEEAD8}.MinSizeRel|x64.Build.0 = MinSizeRel|x64
		{C5A68D8E-7465-30B7-8F19-DD49FCEEEAD8}.RelWithDebInfo|x64.ActiveCfg = RelWithDebInfo|x64
		{C5A68D8E-7465-30B7-8F19-DD49FCEEEAD8}.RelWithDebInfo|x64.Build.0 = RelWithDebInfo|x64
		{8283E332-3B6B-31ED-BF0C-B904BA72ADFF}.Debug|x64.ActiveCfg = Debug|x64
		{8283E332-3B6B-31ED-BF0C-B904BA72ADFF}.Debug|x64.Build.0 = Debug|x64
		{8283E332-3B6B-31ED-BF0C-B904BA72ADFF}.Release|x64.ActiveCfg = Release|x64
		{8283E332-3B6B-31ED-BF0C-B904BA72ADFF}.Release|x64.Build.0 = Release|x64
		{8283E332-3B6B-31ED-BF0C-B904BA72ADFF}.MinSizeRel|x64.ActiveCfg = MinSizeRel|x64
		{8283E332-3B6B-31ED-BF0C-B904BA72ADFF}.MinSizeRel|x64.Build.0 = MinSizeRel|x64
		{8283E332-3B6B-31ED-BF0C-B904BA72ADFF}.RelWithDebInfo|x64.ActiveCfg = RelWithDebInfo|x64
		{8283E332-3B6B-31ED-BF0C-B904BA72ADFF}.RelWithDebInfo|x64.Build.0 = RelWithDebInfo|x64
		{13A81F05-1E38-3960-B40F-1BD37E1491D0}.Debug|x64.ActiveCfg = Debug|x64
		{13A81F05-1E38-3960-B40F-1BD37E1491D0}.Debug|x64.Build.0 = Debug|x64
		{13A81F05-1E38-3960-B40F-1BD37E1491D0}.Release|x64.ActiveCfg = Release|x64
		{13A81F05-1E38-3960-B40F-1BD37E1491D0}.Release|x64.Build.0 = Release|x64
		{13A81F05-1E38-3960-B40F-1BD37E1491D0}.MinSizeRel|x64.ActiveCfg = MinSizeRel|x64
		{13A81F05-1E38-3960-B40F-1BD37E1491D0}.MinSizeRel|x64.Build.0 = MinSizeRel|x64
		{13A81F05-1E38-3960-B40F-1BD37E1491D0}.RelWithDebInfo|x64.ActiveCfg = RelWithDebInfo|x64
		{13A81F05-1E38-3960-B40F-1BD37E1491D0}.RelWithDebInfo|x64.Build.0 = RelWithDebInfo|x64
		{9B3FB15B-198B-3D13-90EB-5866224FD328}.Debug|x64.ActiveCfg = Debug|x64
		{9B3FB15B-198B-3D13-90EB-5866224FD328}.Debug|x64.Build.0 = Debug|x64
		{9B3FB15B-198B-3D13-90EB-5866224FD328}.Release|x64.ActiveCfg = Release|x64
		{9B3FB15B-198B-3D13-90EB-5866224FD328}.Release|x64.Build.0 = Release|x64
		{9B3FB15B-198B-3D13-90EB-5866224FD328}.MinSizeRel|x64.ActiveCfg = MinSizeRel|x64
		{9B3FB15B-198B-3D13-90EB-5866224FD328}.MinSizeRel|x64.Build.0 = MinSizeRel|x64
		{9B3FB15B-198B-3D13-90EB-5866224FD328}.RelWithDebInfo|x64.ActiveCfg = RelWithDebInfo|x64
		{9B3FB15B-198B-3D13-90EB-5866224FD328}.RelWithDebInfo|x64.Build.0 = RelWithDebInfo|x64
		{B5FE3B44-E8D5-3C61-B52B-433AFE324997}.Debug|x64.ActiveCfg = Debug|x64
		{B5FE3B44-E8D5-3C61-B52B-433AFE324997}.Debug|x64.Build.0 = Debug|x64
		{B5FE3B44-E8D5-3C61-B52B-433AFE324997}.Release|x64.ActiveCfg = Release|x64
		{B5FE3B44-E8D5-3C61-B52B-433AFE324997}.Release|x64.Build.0 = Release|x64
		{B5FE3B44-E8D5-3C61-B52B-433AFE324997}.MinSizeRel|x64.ActiveCfg = MinSizeRel|x64
		{B5FE3B44-E8D5-3C61-B52B-433AFE324997}.MinSizeRel|x64.Build.0 = MinSizeRel|x64
		{B5FE3B44-E8D5-3C61-B52B-433AFE324997}.RelWithDebInfo|x64.ActiveCfg = RelWithDebInfo|x64
		{B5FE3B44-E8D5-3C61-B52B-433AFE324997}.RelWithDebInfo|x64.Build.0 = RelWithDebInfo|x64
		{C54E2589-6C87-3D0B-B356-4BE65145130A}.Debug|x64.ActiveCfg = Debug|x64
		{C54E2589-6C87-3D0B-B356-4BE65145130A}.Debug|x64.Build.0 = Debug|x64
		{C54E2589-6C87-3D0B-B356-4BE65145130A}.Release|x64.ActiveCfg = Release|x64
		{C54E2589-6C87-3D0B-B356-4BE65145130A}.Release|x64.Build.0 = Release|x64
		{C54E2589-6C87-3D0B-B356-4BE65145130A}.MinSizeRel|x64.ActiveCfg = MinSizeRel|x64
		{C54E2589-6C87-3D0B-B356-4BE65145130A}.MinSizeRel|x64.Build.0 = MinSizeRel|x64
		{C54E2589-6C87-3D0B-B356-4BE65145130A}.RelWithDebInfo|x64.ActiveCfg = RelWithDebInfo|x64
		{C54E2589-6C87-3D0B-B356-4BE65145130A}.RelWithDebInfo|x64.Build.0 = RelWithDebInfo|x64
		{D587A6C3-4EBE-3F38-9AEA-CD130D1AFC7E}.Debug|x64.ActiveCfg = Debug|x64
		{D587A6C3-4EBE-3F38-9AEA-CD130D1AFC7E}.Debug|x64.Build.0 = Debug|x64
		{D587A6C3-4EBE-3F38-9AEA-CD130D1AFC7E}.Release|x64.ActiveCfg = Release|x64
		{D587A6C3-4EBE-3F38-9AEA-CD130D1AFC7E}.Release|x64.Build.0 = Release|x64
		{D587A6C3-4EBE-3F38-9AEA-CD130D1AFC7E}.MinSizeRel|x64.ActiveCfg = MinSizeRel|x64
		{D587A6C3-4EBE-3F38-9AEA-CD130D1AFC7E}.MinSizeRel|x64.Build.0 = MinSizeRel|x64
		{D587A6C3-4EBE-3F38-9AEA-CD130D1AFC7E}.RelWithDebInfo|x64.ActiveCfg = RelWithDebInfo|x64
		{D587A6C3-4EBE-3F38-9AEA-CD130D1AFC7E}.RelWithDebInfo|x64.Build.0 = RelWithDebInfo|x64
		{21332E38-5EAF-3996-98F7-F5607663D3B7}.Debug|x64.ActiveCfg = Debug|x64
		{21332E38-5EAF-3996-98F7-F5607663D3B7}.Debug|x64.Build.0 = Debug|x64
		{21332E38-5EAF-3996-98F7-F5607663D3B7}.Release|x64.ActiveCfg = Release|x64
		{21332E38-5EAF-3996-98F7-F5607663D3B7}.Release|x64.Build.0 = Release|x64
		{21332E38-5EAF-3996-98F7-F5607663D3B7}.MinSizeRel|x64.ActiveCfg = MinSizeRel|x64
		{21332E38-5EAF-3996-98F7-F5607663D3B7}.MinSizeRel|x64.Build.0 = MinSizeRel|x64
		{21332E38-5EAF-3996-98F7-F5607663D3B7}.RelWithDebInfo|x64.ActiveCfg = RelWithDebInfo|x64
		{21332E38-5EAF-3996-98F7-F5607663D3B7}.RelWithDebInfo|x64.Build.0 = RelWithDebInfo|x64
		{5CD04A89-F25B-3BC9-9261-4D2A6F608543}.Debug|x64.ActiveCfg = Debug|x64
		{5CD04A89-F25B-3BC9-9261-4D2A6F608543}.Debug|x64.Build.0 = Debug|x64
		{5CD04A89-F25B-3BC9-9261-4D2A6F608543}.Release|x64.ActiveCfg = Release|x64
		{5CD04A89-F25B-3BC9-9261-4D2A6F608543}.Release|x64.Build.0 = Release|x64
		{5CD04A89-F25B-3BC9-9261-4D2A6F608543}.MinSizeRel|x64.ActiveCfg = MinSizeRel|x64
		{5CD04A89-F25B-3BC9-9261-4D2A6F608543}.MinSizeRel|x64.Build.0 = MinSizeRel|x64
		{5CD04A89-F25B-3BC9-9261-4D2A6F608543}.RelWithDebInfo|x64.ActiveCfg = RelWithDebInfo|x64
		{5CD04A89-F25B-3BC9-9261-4D2A6F608543}.RelWithDebInfo|x64.Build.0 = RelWithDebInfo|x64
		{98FBCE42-065F-3BAD-8ED9-8EEE8662C3EE}.Debug|x64.ActiveCfg = Debug|x64
		{98FBCE42-065F-3BAD-8ED9-8EEE8662C3EE}.Debug|x64.Build.0 = Debug|x64
		{98FBCE42-065F-3BAD-8ED9-8EEE8662C3EE}.Release|x64.ActiveCfg = Release|x64
		{98FBCE42-065F-3BAD-8ED9-8EEE8662C3EE}.Release|x64.Build.0 = Release|x64
		{98FBCE42-065F-3BAD-8ED9-8EEE8662C3EE}.MinSizeRel|x64.ActiveCfg = MinSizeRel|x64
		{98FBCE42-065F-3BAD-8ED9-8EEE8662C3EE}.MinSizeRel|x64.Build.0 = MinSizeRel|x64
		{98FBCE42-065F-3BAD-8ED9-8EEE8662C3EE}.RelWithDebInfo|x64.ActiveCfg = RelWithDebInfo|x64
		{98FBCE42-065F-3BAD-8ED9-8EEE8662C3EE}.RelWithDebInfo|x64.Build.0 = RelWithDebInfo|x64
		{133C95C0-244B-3C57-A98D-90E9E613656C}.Debug|x64.ActiveCfg = Debug|x64
		{133C95C0-244B-3C57-A98D-90E9E613656C}.Debug|x64.Build.0 = Debug|x64
		{133C95C0-244B-3C57-A98D-90E9E613656C}.Release|x64.ActiveCfg = Release|x64
		{133C95C0-244B-3C57-A98D-90E9E613656C}.Release|x64.Build.0 = Release|x64
		{133C95C0-244B-3C57-A98D-90E9E613656C}.MinSizeRel|x64.ActiveCfg = MinSizeRel|x64
		{133C95C0-244B-3C57-A98D-90E9E613656C}.MinSizeRel|x64.Build.0 = MinSizeRel|x64
		{133C95C0-244B-3C57-A98D-90E9E613656C}.RelWithDebInfo|x64.ActiveCfg = RelWithDebInfo|x64
		{133C95C0-244B-3C57-A98D-90E9E613656C}.RelWithDebInfo|x64.Build.0 = RelWithDebInfo|x64
		{5E6038F6-59BB-314C-BD5D-38162D9376A8}.Debug|x64.ActiveCfg = Debug|x64
		{5E6038F6-59BB-314C-BD5D-38162D9376A8}.Debug|x64.Build.0 = Debug|x64
		{5E6038F6-59BB-314C-BD5D-38162D9376A8}.Release|x64.ActiveCfg = Release|x64
		{5E6038F6-59BB-314C-BD5D-38162D9376A8}.Release|x64.Build.0 = Release|x64
		{5E6038F6-59BB-314C-BD5D-38162D9376A8}.MinSizeRel|x64.ActiveCfg = MinSizeRel|x64
		{5E6038F6-59BB-314C-BD5D-38162D9376A8}.MinSizeRel|x64.Build.0 = MinSizeRel|x64
		{5E6038F6-59BB-314C-BD5D-38162D9376A8}.RelWithDebInfo|x64.ActiveCfg = RelWithDebInfo|x64
		{5E6038F6-59BB-314C-BD5D-38162D9376A8}.RelWithDebInfo|x64.Build.0 = RelWithDebInfo|x64
		{77ED0698-9C5D-3C10-872A-8E3F311DF01F}.Debug|x64.ActiveCfg = Debug|x64
		{77ED0698-9C5D-3C10-872A-8E3F311DF01F}.Debug|x64.Build.0 = Debug|x64
		{77ED0698-9C5D-3C10-872A-8E3F311DF01F}.Release|x64.ActiveCfg = Release|x64
		{77ED0698-9C5D-3C10-872A-8E3F311DF01F}.Release|x64.Build.0 = Release|x64
		{77ED0698-9C5D-3C10-872A-8E3F311DF01F}.MinSizeRel|x64.ActiveCfg = MinSizeRel|x64
		{77ED0698-9C5D-3C10-872A-8E3F311DF01F}.MinSizeRel|x64.Build.0 = MinSizeRel|x64
		{77ED0698-9C5D-3C10-872A-8E3F311DF01F}.RelWithDebInfo|x64.ActiveCfg = RelWithDebInfo|x64
		{77ED0698-9C5D-3C10-872A-8E3F311DF01F}.RelWithDebInfo|x64.Build.0 = RelWithDebInfo|x64
		{97D2C183-64C0-3B10-8A53-A1FFC725A163}.Debug|x64.ActiveCfg = Debug|x64
		{97D2C183-64C0-3B10-8A53-A1FFC725A163}.Debug|x64.Build.0 = Debug|x64
		{97D2C183-64C0-3B10-8A53-A1FFC725A163}.Release|x64.ActiveCfg = Release|x64
		{97D2C183-64C0-3B10-8A53-A1FFC725A163}.Release|x64.Build.0 = Release|x64
		{97D2C183-64C0-3B10-8A53-A1FFC725A163}.MinSizeRel|x64.ActiveCfg = MinSizeRel|x64
		{97D2C183-64C0-3B10-8A53-A1FFC725A163}.MinSizeRel|x64.Build.0 = MinSizeRel|x64
		{97D2C183-64C0-3B10-8A53-A1FFC725A163}.RelWithDebInfo|x64.ActiveCfg = RelWithDebInfo|x64
		{97D2C183-64C0-3B10-8A53-A1FFC725A163}.RelWithDebInfo|x64.Build.0 = RelWithDebInfo|x64
		{41C1F206-3897-3484-A5A1-A909B06E3BCF}.Debug|x64.ActiveCfg = Debug|x64
		{41C1F206-3897-3484-A5A1-A909B06E3BCF}.Debug|x64.Build.0 = Debug|x64
		{41C1F206-3897-3484-A5A1-A909B06E3BCF}.Release|x64.ActiveCfg = Release|x64
		{41C1F206-3897-3484-A5A1-A909B06E3BCF}.Release|x64.Build.0 = Release|x64
		{41C1F206-3897-3484-A5A1-A909B06E3BCF}.MinSizeRel|x64.ActiveCfg = MinSizeRel|x64
		{41C1F206-3897-3484-A5A1-A909B06E3BCF}.MinSizeRel|x64.Build.0 = MinSizeRel|x64
		{41C1F206-3897-3484-A5A1-A909B06E3BCF}.RelWithDebInfo|x64.ActiveCfg = RelWithDebInfo|x64
		{41C1F206-3897-3484-A5A1-A909B06E3BCF}.RelWithDebInfo|x64.Build.0 = RelWithDebInfo|x64
		{72192D6E-E80A-3EC8-9A3E-4256F58246CF}.Debug|x64.ActiveCfg = Debug|x64
		{72192D6E-E80A-3EC8-9A3E-4256F58246CF}.Debug|x64.Build.0 = Debug|x64
		{72192D6E-E80A-3EC8-9A3E-4256F58246CF}.Release|x64.ActiveCfg = Release|x64
		{72192D6E-E80A-3EC8-9A3E-4256F58246CF}.Release|x64.Build.0 = Release|x64
		{72192D6E-E80A-3EC8-9A3E-4256F58246CF}.MinSizeRel|x64.ActiveCfg = MinSizeRel|x64
		{72192D6E-E80A-3EC8-9A3E-4256F58246CF}.MinSizeRel|x64.Build.0 = MinSizeRel|x64
		{72192D6E-E80A-3EC8-9A3E-4256F58246CF}.RelWithDebInfo|x64.ActiveCfg = RelWithDebInfo|x64
		{72192D6E-E80A-3EC8-9A3E-4256F58246CF}.RelWithDebInfo|x64.Build.0 = RelWithDebInfo|x64
		{735100A1-2465-3A01-B394-A71F73449AF9}.Debug|x64.ActiveCfg = Debug|x64
		{735100A1-2465-3A01-B394-A71F73449AF9}.Debug|x64.Build.0 = Debug|x64
		{735100A1-2465-3A01-B394-A71F73449AF9}.Release|x64.ActiveCfg = Release|x64
		{735100A1-2465-3A01-B394-A71F73449AF9}.Release|x64.Build.0 = Release|x64
		{735100A1-2465-3A01-B394-A71F73449AF9}.MinSizeRel|x64.ActiveCfg = MinSizeRel|x64
		{735100A1-2465-3A01-B394-A71F73449AF9}.MinSizeRel|x64.Build.0 = MinSizeRel|x64
		{735100A1-2465-3A01-B394-A71F73449AF9}.RelWithDebInfo|x64.ActiveCfg = RelWithDebInfo|x64
		{735100A1-2465-3A01-B394-A71F73449AF9}.RelWithDebInfo|x64.Build.0 = RelWithDebInfo|x64
		{EEF580CE-175B-32DF-9710-5F9ABD294408}.Debug|x64.ActiveCfg = Debug|x64
		{EEF580CE-175B-32DF-9710-5F9ABD294408}.Debug|x64.Build.0 = Debug|x64
		{EEF580CE-175B-32DF-9710-5F9ABD294408}.Release|x64.ActiveCfg = Release|x64
		{EEF580CE-175B-32DF-9710-5F9ABD294408}.Release|x64.Build.0 = Release|x64
		{EEF580CE-175B-32DF-9710-5F9ABD294408}.MinSizeRel|x64.ActiveCfg = MinSizeRel|x64
		{EEF580CE-175B-32DF-9710-5F9ABD294408}.MinSizeRel|x64.Build.0 = MinSizeRel|x64
		{EEF580CE-175B-32DF-9710-5F9ABD294408}.RelWithDebInfo|x64.ActiveCfg = RelWithDebInfo|x64
		{EEF580CE-175B-32DF-9710-5F9ABD294408}.RelWithDebInfo|x64.Build.0 = RelWithDebInfo|x64
		{99B85CCF-FEB6-3468-A64B-F1E75AFD11B2}.Debug|x64.ActiveCfg = Debug|x64
		{99B85CCF-FEB6-3468-A64B-F1E75AFD11B2}.Debug|x64.Build.0 = Debug|x64
		{99B85CCF-FEB6-3468-A64B-F1E75AFD11B2}.Release|x64.ActiveCfg = Release|x64
		{99B85CCF-FEB6-3468-A64B-F1E75AFD11B2}.Release|x64.Build.0 = Release|x64
		{99B85CCF-FEB6-3468-A64B-F1E75AFD11B2}.MinSizeRel|x64.ActiveCfg = MinSizeRel|x64
		{99B85CCF-FEB6-3468-A64B-F1E75AFD11B2}.MinSizeRel|x64.Build.0 = MinSizeRel|x64
		{99B85CCF-FEB6-3468-A64B-F1E75AFD11B2}.RelWithDebInfo|x64.ActiveCfg = RelWithDebInfo|x64
		{99B85CCF-FEB6-3468-A64B-F1E75AFD11B2}.RelWithDebInfo|x64.Build.0 = RelWithDebInfo|x64
		{15F7DC17-A476-31D9-8485-12F85999E6A3}.Debug|x64.ActiveCfg = Debug|x64
		{15F7DC17-A476-31D9-8485-12F85999E6A3}.Debug|x64.Build.0 = Debug|x64
		{15F7DC17-A476-31D9-8485-12F85999E6A3}.Release|x64.ActiveCfg = Release|x64
		{15F7DC17-A476-31D9-8485-12F85999E6A3}.Release|x64.Build.0 = Release|x64
		{15F7DC17-A476-31D9-8485-12F85999E6A3}.MinSizeRel|x64.ActiveCfg = MinSizeRel|x64
		{15F7DC17-A476-31D9-8485-12F85999E6A3}.MinSizeRel|x64.Build.0 = MinSizeRel|x64
		{15F7DC17-A476-31D9-8485-12F85999E6A3}.RelWithDebInfo|x64.ActiveCfg = RelWithDebInfo|x64
		{15F7DC17-A476-31D9-8485-12F85999E6A3}.RelWithDebInfo|x64.Build.0 = RelWithDebInfo|x64
		{2DBE119B-55D0-3445-9730-8E30A09C764E}.Debug|x64.ActiveCfg = Debug|x64
		{2DBE119B-55D0-3445-9730-8E30A09C764E}.Debug|x64.Build.0 = Debug|x64
		{2DBE119B-55D0-3445-9730-8E30A09C764E}.Release|x64.ActiveCfg = Release|x64
		{2DBE119B-55D0-3445-9730-8E30A09C764E}.Release|x64.Build.0 = Release|x64
		{2DBE119B-55D0-3445-9730-8E30A09C764E}.MinSizeRel|x64.ActiveCfg = MinSizeRel|x64
		{2DBE119B-55D0-3445-9730-8E30A09C764E}.MinSizeRel|x64.Build.0 = MinSizeRel|x64
		{2DBE119B-55D0-3445-9730-8E30A09C764E}.RelWithDebInfo|x64.ActiveCfg = RelWithDebInfo|x64
		{2DBE119B-55D0-3445-9730-8E30A09C764E}.RelWithDebInfo|x64.Build.0 = RelWithDebInfo|x64
	EndGlobalSection
	GlobalSection(ExtensibilityGlobals) = postSolution
		SolutionGuid = {1580D340-39B3-3A89-93EA-EF27E8466147}
	EndGlobalSection
	GlobalSection(ExtensibilityAddIns) = postSolution
	EndGlobalSection
EndGlobal
