<?xml version="1.0" encoding="utf-8"?>
<Project ToolsVersion="17.0" xmlns="http://schemas.microsoft.com/developer/msbuild/2003">
  <ItemGroup>
    <ClCompile Include="G:\WORK\BuildNPCBOT\src\server\database\CMakeFiles\database.dir\cmake_pch.cxx">
      <Filter>Source Files</Filter>
    </ClCompile>
    <ClCompile Include="G:\WORK\AzerothCore-wotlk-with-NPCBots\src\server\database\Database\AdhocStatement.cpp">
      <Filter>Database</Filter>
    </ClCompile>
    <ClCompile Include="G:\WORK\AzerothCore-wotlk-with-NPCBots\src\server\database\Database\DatabaseEnv.cpp">
      <Filter>Database</Filter>
    </ClCompile>
    <ClCompile Include="G:\WORK\AzerothCore-wotlk-with-NPCBots\src\server\database\Database\DatabaseLoader.cpp">
      <Filter>Database</Filter>
    </ClCompile>
    <ClCompile Include="G:\WORK\AzerothCore-wotlk-with-NPCBots\src\server\database\Database\DatabaseWorker.cpp">
      <Filter>Database</Filter>
    </ClCompile>
    <ClCompile Include="G:\WORK\AzerothCore-wotlk-with-NPCBots\src\server\database\Database\DatabaseWorkerPool.cpp">
      <Filter>Database</Filter>
    </ClCompile>
    <ClCompile Include="G:\WORK\AzerothCore-wotlk-with-NPCBots\src\server\database\Database\Field.cpp">
      <Filter>Database</Filter>
    </ClCompile>
    <ClCompile Include="G:\WORK\AzerothCore-wotlk-with-NPCBots\src\server\database\Database\MySQLConnection.cpp">
      <Filter>Database</Filter>
    </ClCompile>
    <ClCompile Include="G:\WORK\AzerothCore-wotlk-with-NPCBots\src\server\database\Database\MySQLPreparedStatement.cpp">
      <Filter>Database</Filter>
    </ClCompile>
    <ClCompile Include="G:\WORK\AzerothCore-wotlk-with-NPCBots\src\server\database\Database\MySQLThreading.cpp">
      <Filter>Database</Filter>
    </ClCompile>
    <ClCompile Include="G:\WORK\AzerothCore-wotlk-with-NPCBots\src\server\database\Database\PreparedStatement.cpp">
      <Filter>Database</Filter>
    </ClCompile>
    <ClCompile Include="G:\WORK\AzerothCore-wotlk-with-NPCBots\src\server\database\Database\QueryCallback.cpp">
      <Filter>Database</Filter>
    </ClCompile>
    <ClCompile Include="G:\WORK\AzerothCore-wotlk-with-NPCBots\src\server\database\Database\QueryHolder.cpp">
      <Filter>Database</Filter>
    </ClCompile>
    <ClCompile Include="G:\WORK\AzerothCore-wotlk-with-NPCBots\src\server\database\Database\QueryResult.cpp">
      <Filter>Database</Filter>
    </ClCompile>
    <ClCompile Include="G:\WORK\AzerothCore-wotlk-with-NPCBots\src\server\database\Database\Transaction.cpp">
      <Filter>Database</Filter>
    </ClCompile>
    <ClCompile Include="G:\WORK\AzerothCore-wotlk-with-NPCBots\src\server\database\Database\Implementation\CharacterDatabase.cpp">
      <Filter>Database\Implementation</Filter>
    </ClCompile>
    <ClCompile Include="G:\WORK\AzerothCore-wotlk-with-NPCBots\src\server\database\Database\Implementation\LoginDatabase.cpp">
      <Filter>Database\Implementation</Filter>
    </ClCompile>
    <ClCompile Include="G:\WORK\AzerothCore-wotlk-with-NPCBots\src\server\database\Database\Implementation\WorldDatabase.cpp">
      <Filter>Database\Implementation</Filter>
    </ClCompile>
    <ClCompile Include="G:\WORK\AzerothCore-wotlk-with-NPCBots\src\server\database\Logging\AppenderDB.cpp">
      <Filter>Logging</Filter>
    </ClCompile>
    <ClCompile Include="G:\WORK\AzerothCore-wotlk-with-NPCBots\src\server\database\Updater\DBUpdater.cpp">
      <Filter>Updater</Filter>
    </ClCompile>
    <ClCompile Include="G:\WORK\AzerothCore-wotlk-with-NPCBots\src\server\database\Updater\UpdateFetcher.cpp">
      <Filter>Updater</Filter>
    </ClCompile>
  </ItemGroup>
  <ItemGroup>
    <ClInclude Include="G:\WORK\AzerothCore-wotlk-with-NPCBots\src\server\database\Database\AdhocStatement.h">
      <Filter>Database</Filter>
    </ClInclude>
    <ClInclude Include="G:\WORK\AzerothCore-wotlk-with-NPCBots\src\server\database\Database\DatabaseEnv.h">
      <Filter>Database</Filter>
    </ClInclude>
    <ClInclude Include="G:\WORK\AzerothCore-wotlk-with-NPCBots\src\server\database\Database\DatabaseEnvFwd.h">
      <Filter>Database</Filter>
    </ClInclude>
    <ClInclude Include="G:\WORK\AzerothCore-wotlk-with-NPCBots\src\server\database\Database\DatabaseLoader.h">
      <Filter>Database</Filter>
    </ClInclude>
    <ClInclude Include="G:\WORK\AzerothCore-wotlk-with-NPCBots\src\server\database\Database\DatabaseWorker.h">
      <Filter>Database</Filter>
    </ClInclude>
    <ClInclude Include="G:\WORK\AzerothCore-wotlk-with-NPCBots\src\server\database\Database\DatabaseWorkerPool.h">
      <Filter>Database</Filter>
    </ClInclude>
    <ClInclude Include="G:\WORK\AzerothCore-wotlk-with-NPCBots\src\server\database\Database\Field.h">
      <Filter>Database</Filter>
    </ClInclude>
    <ClInclude Include="G:\WORK\AzerothCore-wotlk-with-NPCBots\src\server\database\Database\MySQLConnection.h">
      <Filter>Database</Filter>
    </ClInclude>
    <ClInclude Include="G:\WORK\AzerothCore-wotlk-with-NPCBots\src\server\database\Database\MySQLHacks.h">
      <Filter>Database</Filter>
    </ClInclude>
    <ClInclude Include="G:\WORK\AzerothCore-wotlk-with-NPCBots\src\server\database\Database\MySQLPreparedStatement.h">
      <Filter>Database</Filter>
    </ClInclude>
    <ClInclude Include="G:\WORK\AzerothCore-wotlk-with-NPCBots\src\server\database\Database\MySQLThreading.h">
      <Filter>Database</Filter>
    </ClInclude>
    <ClInclude Include="G:\WORK\AzerothCore-wotlk-with-NPCBots\src\server\database\Database\MySQLWorkaround.h">
      <Filter>Database</Filter>
    </ClInclude>
    <ClInclude Include="G:\WORK\AzerothCore-wotlk-with-NPCBots\src\server\database\Database\PreparedStatement.h">
      <Filter>Database</Filter>
    </ClInclude>
    <ClInclude Include="G:\WORK\AzerothCore-wotlk-with-NPCBots\src\server\database\Database\QueryCallback.h">
      <Filter>Database</Filter>
    </ClInclude>
    <ClInclude Include="G:\WORK\AzerothCore-wotlk-with-NPCBots\src\server\database\Database\QueryHolder.h">
      <Filter>Database</Filter>
    </ClInclude>
    <ClInclude Include="G:\WORK\AzerothCore-wotlk-with-NPCBots\src\server\database\Database\QueryResult.h">
      <Filter>Database</Filter>
    </ClInclude>
    <ClInclude Include="G:\WORK\AzerothCore-wotlk-with-NPCBots\src\server\database\Database\SQLOperation.h">
      <Filter>Database</Filter>
    </ClInclude>
    <ClInclude Include="G:\WORK\AzerothCore-wotlk-with-NPCBots\src\server\database\Database\Transaction.h">
      <Filter>Database</Filter>
    </ClInclude>
    <ClInclude Include="G:\WORK\AzerothCore-wotlk-with-NPCBots\src\server\database\Database\Implementation\CharacterDatabase.h">
      <Filter>Database\Implementation</Filter>
    </ClInclude>
    <ClInclude Include="G:\WORK\AzerothCore-wotlk-with-NPCBots\src\server\database\Database\Implementation\LoginDatabase.h">
      <Filter>Database\Implementation</Filter>
    </ClInclude>
    <ClInclude Include="G:\WORK\AzerothCore-wotlk-with-NPCBots\src\server\database\Database\Implementation\WorldDatabase.h">
      <Filter>Database\Implementation</Filter>
    </ClInclude>
    <ClInclude Include="G:\WORK\AzerothCore-wotlk-with-NPCBots\src\server\database\Logging\AppenderDB.h">
      <Filter>Logging</Filter>
    </ClInclude>
    <ClInclude Include="G:\WORK\AzerothCore-wotlk-with-NPCBots\src\server\database\Updater\DBUpdater.h">
      <Filter>Updater</Filter>
    </ClInclude>
    <ClInclude Include="G:\WORK\AzerothCore-wotlk-with-NPCBots\src\server\database\Updater\UpdateFetcher.h">
      <Filter>Updater</Filter>
    </ClInclude>
    <ClInclude Include="G:\WORK\BuildNPCBOT\src\server\database\CMakeFiles\database.dir\Debug\cmake_pch.hxx">
      <Filter>Precompile Header File</Filter>
    </ClInclude>
    <ClInclude Include="G:\WORK\BuildNPCBOT\src\server\database\CMakeFiles\database.dir\Release\cmake_pch.hxx">
      <Filter>Precompile Header File</Filter>
    </ClInclude>
    <ClInclude Include="G:\WORK\BuildNPCBOT\src\server\database\CMakeFiles\database.dir\MinSizeRel\cmake_pch.hxx">
      <Filter>Precompile Header File</Filter>
    </ClInclude>
    <ClInclude Include="G:\WORK\BuildNPCBOT\src\server\database\CMakeFiles\database.dir\RelWithDebInfo\cmake_pch.hxx">
      <Filter>Precompile Header File</Filter>
    </ClInclude>
  </ItemGroup>
  <ItemGroup>
    <CustomBuild Include="G:\WORK\AzerothCore-wotlk-with-NPCBots\src\server\database\CMakeLists.txt" />
  </ItemGroup>
  <ItemGroup>
    <Filter Include="Database">
      <UniqueIdentifier>{9474C792-7C5C-36B7-8BAD-899D706CF3DB}</UniqueIdentifier>
    </Filter>
    <Filter Include="Database\Implementation">
      <UniqueIdentifier>{80D48245-3748-3387-8565-C7C2626089C9}</UniqueIdentifier>
    </Filter>
    <Filter Include="Logging">
      <UniqueIdentifier>{DC871A55-7451-3B95-B27F-AC8C6E8EF60D}</UniqueIdentifier>
    </Filter>
    <Filter Include="Precompile Header File">
      <UniqueIdentifier>{43B856E9-C690-3D51-B9FA-CC3FB2A4611C}</UniqueIdentifier>
    </Filter>
    <Filter Include="Source Files">
      <UniqueIdentifier>{C0034CBE-ACEB-382F-AA3E-B8AFC018FB8B}</UniqueIdentifier>
    </Filter>
    <Filter Include="Updater">
      <UniqueIdentifier>{89B452B2-F576-3398-974A-52435F77A5CF}</UniqueIdentifier>
    </Filter>
  </ItemGroup>
</Project>
