<?xml version="1.0" encoding="utf-8"?>
<Project ToolsVersion="17.0" xmlns="http://schemas.microsoft.com/developer/msbuild/2003">
  <ItemGroup>
    <ClCompile Include="G:\WORK\BuildNPCBOT\src\common\CMakeFiles\common.dir\cmake_pch.cxx">
      <Filter>Source Files</Filter>
    </ClCompile>
    <ClCompile Include="G:\WORK\AzerothCore-wotlk-with-NPCBots\src\common\Banner.cpp" />
    <ClCompile Include="G:\WORK\AzerothCore-wotlk-with-NPCBots\src\common\Common.cpp" />
    <ClCompile Include="G:\WORK\AzerothCore-wotlk-with-NPCBots\src\common\GitRevision.cpp" />
    <ClCompile Include="G:\WORK\AzerothCore-wotlk-with-NPCBots\src\common\Collision\BoundingIntervalHierarchy.cpp">
      <Filter>Collision</Filter>
    </ClCompile>
    <ClCompile Include="G:\WORK\AzerothCore-wotlk-with-NPCBots\src\common\Collision\DynamicTree.cpp">
      <Filter>Collision</Filter>
    </ClCompile>
    <ClCompile Include="G:\WORK\AzerothCore-wotlk-with-NPCBots\src\common\Collision\Management\MMapFactory.cpp">
      <Filter>Collision\Management</Filter>
    </ClCompile>
    <ClCompile Include="G:\WORK\AzerothCore-wotlk-with-NPCBots\src\common\Collision\Management\MMapMgr.cpp">
      <Filter>Collision\Management</Filter>
    </ClCompile>
    <ClCompile Include="G:\WORK\AzerothCore-wotlk-with-NPCBots\src\common\Collision\Management\VMapFactory.cpp">
      <Filter>Collision\Management</Filter>
    </ClCompile>
    <ClCompile Include="G:\WORK\AzerothCore-wotlk-with-NPCBots\src\common\Collision\Management\VMapMgr2.cpp">
      <Filter>Collision\Management</Filter>
    </ClCompile>
    <ClCompile Include="G:\WORK\AzerothCore-wotlk-with-NPCBots\src\common\Collision\Maps\MapTree.cpp">
      <Filter>Collision\Maps</Filter>
    </ClCompile>
    <ClCompile Include="G:\WORK\AzerothCore-wotlk-with-NPCBots\src\common\Collision\Maps\TileAssembler.cpp">
      <Filter>Collision\Maps</Filter>
    </ClCompile>
    <ClCompile Include="G:\WORK\AzerothCore-wotlk-with-NPCBots\src\common\Collision\Models\GameObjectModel.cpp">
      <Filter>Collision\Models</Filter>
    </ClCompile>
    <ClCompile Include="G:\WORK\AzerothCore-wotlk-with-NPCBots\src\common\Collision\Models\ModelInstance.cpp">
      <Filter>Collision\Models</Filter>
    </ClCompile>
    <ClCompile Include="G:\WORK\AzerothCore-wotlk-with-NPCBots\src\common\Collision\Models\WorldModel.cpp">
      <Filter>Collision\Models</Filter>
    </ClCompile>
    <ClCompile Include="G:\WORK\AzerothCore-wotlk-with-NPCBots\src\common\Configuration\BuiltInConfig.cpp">
      <Filter>Configuration</Filter>
    </ClCompile>
    <ClCompile Include="G:\WORK\AzerothCore-wotlk-with-NPCBots\src\common\Configuration\Config.cpp">
      <Filter>Configuration</Filter>
    </ClCompile>
    <ClCompile Include="G:\WORK\AzerothCore-wotlk-with-NPCBots\src\common\Cryptography\AES.cpp">
      <Filter>Cryptography</Filter>
    </ClCompile>
    <ClCompile Include="G:\WORK\AzerothCore-wotlk-with-NPCBots\src\common\Cryptography\ARC4.cpp">
      <Filter>Cryptography</Filter>
    </ClCompile>
    <ClCompile Include="G:\WORK\AzerothCore-wotlk-with-NPCBots\src\common\Cryptography\Argon2.cpp">
      <Filter>Cryptography</Filter>
    </ClCompile>
    <ClCompile Include="G:\WORK\AzerothCore-wotlk-with-NPCBots\src\common\Cryptography\BigNumber.cpp">
      <Filter>Cryptography</Filter>
    </ClCompile>
    <ClCompile Include="G:\WORK\AzerothCore-wotlk-with-NPCBots\src\common\Cryptography\CryptoRandom.cpp">
      <Filter>Cryptography</Filter>
    </ClCompile>
    <ClCompile Include="G:\WORK\AzerothCore-wotlk-with-NPCBots\src\common\Cryptography\OpenSSLCrypto.cpp">
      <Filter>Cryptography</Filter>
    </ClCompile>
    <ClCompile Include="G:\WORK\AzerothCore-wotlk-with-NPCBots\src\common\Cryptography\TOTP.cpp">
      <Filter>Cryptography</Filter>
    </ClCompile>
    <ClCompile Include="G:\WORK\AzerothCore-wotlk-with-NPCBots\src\common\Cryptography\Authentication\AuthCrypt.cpp">
      <Filter>Cryptography\Authentication</Filter>
    </ClCompile>
    <ClCompile Include="G:\WORK\AzerothCore-wotlk-with-NPCBots\src\common\Cryptography\Authentication\SRP6.cpp">
      <Filter>Cryptography\Authentication</Filter>
    </ClCompile>
    <ClCompile Include="G:\WORK\AzerothCore-wotlk-with-NPCBots\src\common\DataStores\DBCFileLoader.cpp">
      <Filter>DataStores</Filter>
    </ClCompile>
    <ClCompile Include="G:\WORK\AzerothCore-wotlk-with-NPCBots\src\common\Encoding\Base32.cpp">
      <Filter>Encoding</Filter>
    </ClCompile>
    <ClCompile Include="G:\WORK\AzerothCore-wotlk-with-NPCBots\src\common\Encoding\Base64.cpp">
      <Filter>Encoding</Filter>
    </ClCompile>
    <ClCompile Include="G:\WORK\AzerothCore-wotlk-with-NPCBots\src\common\IPLocation\IPLocation.cpp">
      <Filter>IPLocation</Filter>
    </ClCompile>
    <ClCompile Include="G:\WORK\AzerothCore-wotlk-with-NPCBots\src\common\Logging\Appender.cpp">
      <Filter>Logging</Filter>
    </ClCompile>
    <ClCompile Include="G:\WORK\AzerothCore-wotlk-with-NPCBots\src\common\Logging\AppenderConsole.cpp">
      <Filter>Logging</Filter>
    </ClCompile>
    <ClCompile Include="G:\WORK\AzerothCore-wotlk-with-NPCBots\src\common\Logging\AppenderFile.cpp">
      <Filter>Logging</Filter>
    </ClCompile>
    <ClCompile Include="G:\WORK\AzerothCore-wotlk-with-NPCBots\src\common\Logging\Log.cpp">
      <Filter>Logging</Filter>
    </ClCompile>
    <ClCompile Include="G:\WORK\AzerothCore-wotlk-with-NPCBots\src\common\Logging\LogMessage.cpp">
      <Filter>Logging</Filter>
    </ClCompile>
    <ClCompile Include="G:\WORK\AzerothCore-wotlk-with-NPCBots\src\common\Logging\LogOperation.cpp">
      <Filter>Logging</Filter>
    </ClCompile>
    <ClCompile Include="G:\WORK\AzerothCore-wotlk-with-NPCBots\src\common\Logging\Logger.cpp">
      <Filter>Logging</Filter>
    </ClCompile>
    <ClCompile Include="G:\WORK\AzerothCore-wotlk-with-NPCBots\src\common\Logging\enuminfo_AppenderConsole.cpp">
      <Filter>Logging</Filter>
    </ClCompile>
    <ClCompile Include="G:\WORK\AzerothCore-wotlk-with-NPCBots\src\common\Logging\enuminfo_LogCommon.cpp">
      <Filter>Logging</Filter>
    </ClCompile>
    <ClCompile Include="G:\WORK\AzerothCore-wotlk-with-NPCBots\src\common\Metric\Metric.cpp">
      <Filter>Metric</Filter>
    </ClCompile>
    <ClCompile Include="G:\WORK\AzerothCore-wotlk-with-NPCBots\src\common\Navigation\DetourExtended.cpp">
      <Filter>Navigation</Filter>
    </ClCompile>
    <ClCompile Include="G:\WORK\AzerothCore-wotlk-with-NPCBots\src\common\Threading\ProcessPriority.cpp">
      <Filter>Threading</Filter>
    </ClCompile>
    <ClCompile Include="G:\WORK\AzerothCore-wotlk-with-NPCBots\src\common\Threading\Threading.cpp">
      <Filter>Threading</Filter>
    </ClCompile>
    <ClCompile Include="G:\WORK\AzerothCore-wotlk-with-NPCBots\src\common\Utilities\EventMap.cpp">
      <Filter>Utilities</Filter>
    </ClCompile>
    <ClCompile Include="G:\WORK\AzerothCore-wotlk-with-NPCBots\src\common\Utilities\EventProcessor.cpp">
      <Filter>Utilities</Filter>
    </ClCompile>
    <ClCompile Include="G:\WORK\AzerothCore-wotlk-with-NPCBots\src\common\Utilities\Random.cpp">
      <Filter>Utilities</Filter>
    </ClCompile>
    <ClCompile Include="G:\WORK\AzerothCore-wotlk-with-NPCBots\src\common\Utilities\SFMTRand.cpp">
      <Filter>Utilities</Filter>
    </ClCompile>
    <ClCompile Include="G:\WORK\AzerothCore-wotlk-with-NPCBots\src\common\Utilities\StartProcess.cpp">
      <Filter>Utilities</Filter>
    </ClCompile>
    <ClCompile Include="G:\WORK\AzerothCore-wotlk-with-NPCBots\src\common\Utilities\StringFormat.cpp">
      <Filter>Utilities</Filter>
    </ClCompile>
    <ClCompile Include="G:\WORK\AzerothCore-wotlk-with-NPCBots\src\common\Utilities\TaskScheduler.cpp">
      <Filter>Utilities</Filter>
    </ClCompile>
    <ClCompile Include="G:\WORK\AzerothCore-wotlk-with-NPCBots\src\common\Utilities\Timer.cpp">
      <Filter>Utilities</Filter>
    </ClCompile>
    <ClCompile Include="G:\WORK\AzerothCore-wotlk-with-NPCBots\src\common\Utilities\Tokenize.cpp">
      <Filter>Utilities</Filter>
    </ClCompile>
    <ClCompile Include="G:\WORK\AzerothCore-wotlk-with-NPCBots\src\common\Utilities\Util.cpp">
      <Filter>Utilities</Filter>
    </ClCompile>
    <ClCompile Include="G:\WORK\AzerothCore-wotlk-with-NPCBots\src\common\Debugging\Errors.cpp">
      <Filter>Debugging</Filter>
    </ClCompile>
  </ItemGroup>
  <ItemGroup>
    <ClInclude Include="G:\WORK\AzerothCore-wotlk-with-NPCBots\src\common\Banner.h" />
    <ClInclude Include="G:\WORK\AzerothCore-wotlk-with-NPCBots\src\common\Common.h" />
    <ClInclude Include="G:\WORK\AzerothCore-wotlk-with-NPCBots\src\common\CompilerDefs.h" />
    <ClInclude Include="G:\WORK\AzerothCore-wotlk-with-NPCBots\src\common\Define.h" />
    <ClInclude Include="G:\WORK\AzerothCore-wotlk-with-NPCBots\src\common\GitRevision.h" />
    <ClInclude Include="G:\WORK\AzerothCore-wotlk-with-NPCBots\src\common\Asio\AsioHacksFwd.h">
      <Filter>Asio</Filter>
    </ClInclude>
    <ClInclude Include="G:\WORK\AzerothCore-wotlk-with-NPCBots\src\common\Asio\DeadlineTimer.h">
      <Filter>Asio</Filter>
    </ClInclude>
    <ClInclude Include="G:\WORK\AzerothCore-wotlk-with-NPCBots\src\common\Asio\IoContext.h">
      <Filter>Asio</Filter>
    </ClInclude>
    <ClInclude Include="G:\WORK\AzerothCore-wotlk-with-NPCBots\src\common\Asio\IpAddress.h">
      <Filter>Asio</Filter>
    </ClInclude>
    <ClInclude Include="G:\WORK\AzerothCore-wotlk-with-NPCBots\src\common\Asio\IpNetwork.h">
      <Filter>Asio</Filter>
    </ClInclude>
    <ClInclude Include="G:\WORK\AzerothCore-wotlk-with-NPCBots\src\common\Asio\Resolver.h">
      <Filter>Asio</Filter>
    </ClInclude>
    <ClInclude Include="G:\WORK\AzerothCore-wotlk-with-NPCBots\src\common\Asio\Strand.h">
      <Filter>Asio</Filter>
    </ClInclude>
    <ClInclude Include="G:\WORK\AzerothCore-wotlk-with-NPCBots\src\common\Collision\BoundingIntervalHierarchy.h">
      <Filter>Collision</Filter>
    </ClInclude>
    <ClInclude Include="G:\WORK\AzerothCore-wotlk-with-NPCBots\src\common\Collision\BoundingIntervalHierarchyWrapper.h">
      <Filter>Collision</Filter>
    </ClInclude>
    <ClInclude Include="G:\WORK\AzerothCore-wotlk-with-NPCBots\src\common\Collision\DynamicTree.h">
      <Filter>Collision</Filter>
    </ClInclude>
    <ClInclude Include="G:\WORK\AzerothCore-wotlk-with-NPCBots\src\common\Collision\RegularGrid.h">
      <Filter>Collision</Filter>
    </ClInclude>
    <ClInclude Include="G:\WORK\AzerothCore-wotlk-with-NPCBots\src\common\Collision\VMapDefinitions.h">
      <Filter>Collision</Filter>
    </ClInclude>
    <ClInclude Include="G:\WORK\AzerothCore-wotlk-with-NPCBots\src\common\Collision\VMapTools.h">
      <Filter>Collision</Filter>
    </ClInclude>
    <ClInclude Include="G:\WORK\AzerothCore-wotlk-with-NPCBots\src\common\Collision\Management\IMMAPMgr.h">
      <Filter>Collision\Management</Filter>
    </ClInclude>
    <ClInclude Include="G:\WORK\AzerothCore-wotlk-with-NPCBots\src\common\Collision\Management\IVMapMgr.h">
      <Filter>Collision\Management</Filter>
    </ClInclude>
    <ClInclude Include="G:\WORK\AzerothCore-wotlk-with-NPCBots\src\common\Collision\Management\MMapFactory.h">
      <Filter>Collision\Management</Filter>
    </ClInclude>
    <ClInclude Include="G:\WORK\AzerothCore-wotlk-with-NPCBots\src\common\Collision\Management\MMapMgr.h">
      <Filter>Collision\Management</Filter>
    </ClInclude>
    <ClInclude Include="G:\WORK\AzerothCore-wotlk-with-NPCBots\src\common\Collision\Management\VMapFactory.h">
      <Filter>Collision\Management</Filter>
    </ClInclude>
    <ClInclude Include="G:\WORK\AzerothCore-wotlk-with-NPCBots\src\common\Collision\Management\VMapMgr2.h">
      <Filter>Collision\Management</Filter>
    </ClInclude>
    <ClInclude Include="G:\WORK\AzerothCore-wotlk-with-NPCBots\src\common\Collision\Maps\MapDefines.h">
      <Filter>Collision\Maps</Filter>
    </ClInclude>
    <ClInclude Include="G:\WORK\AzerothCore-wotlk-with-NPCBots\src\common\Collision\Maps\MapTree.h">
      <Filter>Collision\Maps</Filter>
    </ClInclude>
    <ClInclude Include="G:\WORK\AzerothCore-wotlk-with-NPCBots\src\common\Collision\Maps\TileAssembler.h">
      <Filter>Collision\Maps</Filter>
    </ClInclude>
    <ClInclude Include="G:\WORK\AzerothCore-wotlk-with-NPCBots\src\common\Collision\Models\GameObjectModel.h">
      <Filter>Collision\Models</Filter>
    </ClInclude>
    <ClInclude Include="G:\WORK\AzerothCore-wotlk-with-NPCBots\src\common\Collision\Models\ModelIgnoreFlags.h">
      <Filter>Collision\Models</Filter>
    </ClInclude>
    <ClInclude Include="G:\WORK\AzerothCore-wotlk-with-NPCBots\src\common\Collision\Models\ModelInstance.h">
      <Filter>Collision\Models</Filter>
    </ClInclude>
    <ClInclude Include="G:\WORK\AzerothCore-wotlk-with-NPCBots\src\common\Collision\Models\WorldModel.h">
      <Filter>Collision\Models</Filter>
    </ClInclude>
    <ClInclude Include="G:\WORK\AzerothCore-wotlk-with-NPCBots\src\common\Configuration\BuiltInConfig.h">
      <Filter>Configuration</Filter>
    </ClInclude>
    <ClInclude Include="G:\WORK\AzerothCore-wotlk-with-NPCBots\src\common\Configuration\Config.h">
      <Filter>Configuration</Filter>
    </ClInclude>
    <ClInclude Include="G:\WORK\AzerothCore-wotlk-with-NPCBots\src\common\Cryptography\AES.h">
      <Filter>Cryptography</Filter>
    </ClInclude>
    <ClInclude Include="G:\WORK\AzerothCore-wotlk-with-NPCBots\src\common\Cryptography\ARC4.h">
      <Filter>Cryptography</Filter>
    </ClInclude>
    <ClInclude Include="G:\WORK\AzerothCore-wotlk-with-NPCBots\src\common\Cryptography\Argon2.h">
      <Filter>Cryptography</Filter>
    </ClInclude>
    <ClInclude Include="G:\WORK\AzerothCore-wotlk-with-NPCBots\src\common\Cryptography\BigNumber.h">
      <Filter>Cryptography</Filter>
    </ClInclude>
    <ClInclude Include="G:\WORK\AzerothCore-wotlk-with-NPCBots\src\common\Cryptography\CryptoConstants.h">
      <Filter>Cryptography</Filter>
    </ClInclude>
    <ClInclude Include="G:\WORK\AzerothCore-wotlk-with-NPCBots\src\common\Cryptography\CryptoGenerics.h">
      <Filter>Cryptography</Filter>
    </ClInclude>
    <ClInclude Include="G:\WORK\AzerothCore-wotlk-with-NPCBots\src\common\Cryptography\CryptoHash.h">
      <Filter>Cryptography</Filter>
    </ClInclude>
    <ClInclude Include="G:\WORK\AzerothCore-wotlk-with-NPCBots\src\common\Cryptography\CryptoRandom.h">
      <Filter>Cryptography</Filter>
    </ClInclude>
    <ClInclude Include="G:\WORK\AzerothCore-wotlk-with-NPCBots\src\common\Cryptography\HMAC.h">
      <Filter>Cryptography</Filter>
    </ClInclude>
    <ClInclude Include="G:\WORK\AzerothCore-wotlk-with-NPCBots\src\common\Cryptography\OpenSSLCrypto.h">
      <Filter>Cryptography</Filter>
    </ClInclude>
    <ClInclude Include="G:\WORK\AzerothCore-wotlk-with-NPCBots\src\common\Cryptography\SessionKeyGenerator.h">
      <Filter>Cryptography</Filter>
    </ClInclude>
    <ClInclude Include="G:\WORK\AzerothCore-wotlk-with-NPCBots\src\common\Cryptography\TOTP.h">
      <Filter>Cryptography</Filter>
    </ClInclude>
    <ClInclude Include="G:\WORK\AzerothCore-wotlk-with-NPCBots\src\common\Cryptography\Authentication\AuthCrypt.h">
      <Filter>Cryptography\Authentication</Filter>
    </ClInclude>
    <ClInclude Include="G:\WORK\AzerothCore-wotlk-with-NPCBots\src\common\Cryptography\Authentication\AuthDefines.h">
      <Filter>Cryptography\Authentication</Filter>
    </ClInclude>
    <ClInclude Include="G:\WORK\AzerothCore-wotlk-with-NPCBots\src\common\Cryptography\Authentication\SRP6.h">
      <Filter>Cryptography\Authentication</Filter>
    </ClInclude>
    <ClInclude Include="G:\WORK\AzerothCore-wotlk-with-NPCBots\src\common\DataStores\DBCFileLoader.h">
      <Filter>DataStores</Filter>
    </ClInclude>
    <ClInclude Include="G:\WORK\AzerothCore-wotlk-with-NPCBots\src\common\Dynamic\FactoryHolder.h">
      <Filter>Dynamic</Filter>
    </ClInclude>
    <ClInclude Include="G:\WORK\AzerothCore-wotlk-with-NPCBots\src\common\Dynamic\LinkedList.h">
      <Filter>Dynamic</Filter>
    </ClInclude>
    <ClInclude Include="G:\WORK\AzerothCore-wotlk-with-NPCBots\src\common\Dynamic\ObjectRegistry.h">
      <Filter>Dynamic</Filter>
    </ClInclude>
    <ClInclude Include="G:\WORK\AzerothCore-wotlk-with-NPCBots\src\common\Dynamic\TypeContainer.h">
      <Filter>Dynamic</Filter>
    </ClInclude>
    <ClInclude Include="G:\WORK\AzerothCore-wotlk-with-NPCBots\src\common\Dynamic\TypeContainerFunctions.h">
      <Filter>Dynamic</Filter>
    </ClInclude>
    <ClInclude Include="G:\WORK\AzerothCore-wotlk-with-NPCBots\src\common\Dynamic\TypeContainerFunctionsPtr.h">
      <Filter>Dynamic</Filter>
    </ClInclude>
    <ClInclude Include="G:\WORK\AzerothCore-wotlk-with-NPCBots\src\common\Dynamic\TypeContainerVisitor.h">
      <Filter>Dynamic</Filter>
    </ClInclude>
    <ClInclude Include="G:\WORK\AzerothCore-wotlk-with-NPCBots\src\common\Dynamic\TypeList.h">
      <Filter>Dynamic</Filter>
    </ClInclude>
    <ClInclude Include="G:\WORK\AzerothCore-wotlk-with-NPCBots\src\common\Dynamic\LinkedReference\RefMgr.h">
      <Filter>Dynamic\LinkedReference</Filter>
    </ClInclude>
    <ClInclude Include="G:\WORK\AzerothCore-wotlk-with-NPCBots\src\common\Dynamic\LinkedReference\Reference.h">
      <Filter>Dynamic\LinkedReference</Filter>
    </ClInclude>
    <ClInclude Include="G:\WORK\AzerothCore-wotlk-with-NPCBots\src\common\Encoding\Base32.h">
      <Filter>Encoding</Filter>
    </ClInclude>
    <ClInclude Include="G:\WORK\AzerothCore-wotlk-with-NPCBots\src\common\Encoding\Base64.h">
      <Filter>Encoding</Filter>
    </ClInclude>
    <ClInclude Include="G:\WORK\AzerothCore-wotlk-with-NPCBots\src\common\Encoding\BaseEncoding.h">
      <Filter>Encoding</Filter>
    </ClInclude>
    <ClInclude Include="G:\WORK\AzerothCore-wotlk-with-NPCBots\src\common\IPLocation\IPLocation.h">
      <Filter>IPLocation</Filter>
    </ClInclude>
    <ClInclude Include="G:\WORK\AzerothCore-wotlk-with-NPCBots\src\common\Logging\Appender.h">
      <Filter>Logging</Filter>
    </ClInclude>
    <ClInclude Include="G:\WORK\AzerothCore-wotlk-with-NPCBots\src\common\Logging\AppenderConsole.h">
      <Filter>Logging</Filter>
    </ClInclude>
    <ClInclude Include="G:\WORK\AzerothCore-wotlk-with-NPCBots\src\common\Logging\AppenderFile.h">
      <Filter>Logging</Filter>
    </ClInclude>
    <ClInclude Include="G:\WORK\AzerothCore-wotlk-with-NPCBots\src\common\Logging\Log.h">
      <Filter>Logging</Filter>
    </ClInclude>
    <ClInclude Include="G:\WORK\AzerothCore-wotlk-with-NPCBots\src\common\Logging\LogCommon.h">
      <Filter>Logging</Filter>
    </ClInclude>
    <ClInclude Include="G:\WORK\AzerothCore-wotlk-with-NPCBots\src\common\Logging\LogMessage.h">
      <Filter>Logging</Filter>
    </ClInclude>
    <ClInclude Include="G:\WORK\AzerothCore-wotlk-with-NPCBots\src\common\Logging\LogOperation.h">
      <Filter>Logging</Filter>
    </ClInclude>
    <ClInclude Include="G:\WORK\AzerothCore-wotlk-with-NPCBots\src\common\Logging\Logger.h">
      <Filter>Logging</Filter>
    </ClInclude>
    <ClInclude Include="G:\WORK\AzerothCore-wotlk-with-NPCBots\src\common\Metric\Metric.h">
      <Filter>Metric</Filter>
    </ClInclude>
    <ClInclude Include="G:\WORK\AzerothCore-wotlk-with-NPCBots\src\common\Navigation\DetourExtended.h">
      <Filter>Navigation</Filter>
    </ClInclude>
    <ClInclude Include="G:\WORK\AzerothCore-wotlk-with-NPCBots\src\common\Threading\LockedQueue.h">
      <Filter>Threading</Filter>
    </ClInclude>
    <ClInclude Include="G:\WORK\AzerothCore-wotlk-with-NPCBots\src\common\Threading\MPSCQueue.h">
      <Filter>Threading</Filter>
    </ClInclude>
    <ClInclude Include="G:\WORK\AzerothCore-wotlk-with-NPCBots\src\common\Threading\PCQueue.h">
      <Filter>Threading</Filter>
    </ClInclude>
    <ClInclude Include="G:\WORK\AzerothCore-wotlk-with-NPCBots\src\common\Threading\PolicyLock.h">
      <Filter>Threading</Filter>
    </ClInclude>
    <ClInclude Include="G:\WORK\AzerothCore-wotlk-with-NPCBots\src\common\Threading\ProcessPriority.h">
      <Filter>Threading</Filter>
    </ClInclude>
    <ClInclude Include="G:\WORK\AzerothCore-wotlk-with-NPCBots\src\common\Threading\Threading.h">
      <Filter>Threading</Filter>
    </ClInclude>
    <ClInclude Include="G:\WORK\AzerothCore-wotlk-with-NPCBots\src\common\Threading\ThreadingModel.h">
      <Filter>Threading</Filter>
    </ClInclude>
    <ClInclude Include="G:\WORK\AzerothCore-wotlk-with-NPCBots\src\common\Utilities\AsyncCallbackProcessor.h">
      <Filter>Utilities</Filter>
    </ClInclude>
    <ClInclude Include="G:\WORK\AzerothCore-wotlk-with-NPCBots\src\common\Utilities\ByteConverter.h">
      <Filter>Utilities</Filter>
    </ClInclude>
    <ClInclude Include="G:\WORK\AzerothCore-wotlk-with-NPCBots\src\common\Utilities\CircularBuffer.h">
      <Filter>Utilities</Filter>
    </ClInclude>
    <ClInclude Include="G:\WORK\AzerothCore-wotlk-with-NPCBots\src\common\Utilities\Containers.h">
      <Filter>Utilities</Filter>
    </ClInclude>
    <ClInclude Include="G:\WORK\AzerothCore-wotlk-with-NPCBots\src\common\Utilities\DataMap.h">
      <Filter>Utilities</Filter>
    </ClInclude>
    <ClInclude Include="G:\WORK\AzerothCore-wotlk-with-NPCBots\src\common\Utilities\Duration.h">
      <Filter>Utilities</Filter>
    </ClInclude>
    <ClInclude Include="G:\WORK\AzerothCore-wotlk-with-NPCBots\src\common\Utilities\EnumFlag.h">
      <Filter>Utilities</Filter>
    </ClInclude>
    <ClInclude Include="G:\WORK\AzerothCore-wotlk-with-NPCBots\src\common\Utilities\EventEmitter.h">
      <Filter>Utilities</Filter>
    </ClInclude>
    <ClInclude Include="G:\WORK\AzerothCore-wotlk-with-NPCBots\src\common\Utilities\EventMap.h">
      <Filter>Utilities</Filter>
    </ClInclude>
    <ClInclude Include="G:\WORK\AzerothCore-wotlk-with-NPCBots\src\common\Utilities\EventProcessor.h">
      <Filter>Utilities</Filter>
    </ClInclude>
    <ClInclude Include="G:\WORK\AzerothCore-wotlk-with-NPCBots\src\common\Utilities\Geometry.h">
      <Filter>Utilities</Filter>
    </ClInclude>
    <ClInclude Include="G:\WORK\AzerothCore-wotlk-with-NPCBots\src\common\Utilities\IteratorPair.h">
      <Filter>Utilities</Filter>
    </ClInclude>
    <ClInclude Include="G:\WORK\AzerothCore-wotlk-with-NPCBots\src\common\Utilities\MathUtil.h">
      <Filter>Utilities</Filter>
    </ClInclude>
    <ClInclude Include="G:\WORK\AzerothCore-wotlk-with-NPCBots\src\common\Utilities\MessageBuffer.h">
      <Filter>Utilities</Filter>
    </ClInclude>
    <ClInclude Include="G:\WORK\AzerothCore-wotlk-with-NPCBots\src\common\Utilities\Optional.h">
      <Filter>Utilities</Filter>
    </ClInclude>
    <ClInclude Include="G:\WORK\AzerothCore-wotlk-with-NPCBots\src\common\Utilities\Physics.h">
      <Filter>Utilities</Filter>
    </ClInclude>
    <ClInclude Include="G:\WORK\AzerothCore-wotlk-with-NPCBots\src\common\Utilities\Random.h">
      <Filter>Utilities</Filter>
    </ClInclude>
    <ClInclude Include="G:\WORK\AzerothCore-wotlk-with-NPCBots\src\common\Utilities\SFMTRand.h">
      <Filter>Utilities</Filter>
    </ClInclude>
    <ClInclude Include="G:\WORK\AzerothCore-wotlk-with-NPCBots\src\common\Utilities\SignalHandler.h">
      <Filter>Utilities</Filter>
    </ClInclude>
    <ClInclude Include="G:\WORK\AzerothCore-wotlk-with-NPCBots\src\common\Utilities\SmartEnum.h">
      <Filter>Utilities</Filter>
    </ClInclude>
    <ClInclude Include="G:\WORK\AzerothCore-wotlk-with-NPCBots\src\common\Utilities\StartProcess.h">
      <Filter>Utilities</Filter>
    </ClInclude>
    <ClInclude Include="G:\WORK\AzerothCore-wotlk-with-NPCBots\src\common\Utilities\StringConvert.h">
      <Filter>Utilities</Filter>
    </ClInclude>
    <ClInclude Include="G:\WORK\AzerothCore-wotlk-with-NPCBots\src\common\Utilities\StringFormat.h">
      <Filter>Utilities</Filter>
    </ClInclude>
    <ClInclude Include="G:\WORK\AzerothCore-wotlk-with-NPCBots\src\common\Utilities\TaskScheduler.h">
      <Filter>Utilities</Filter>
    </ClInclude>
    <ClInclude Include="G:\WORK\AzerothCore-wotlk-with-NPCBots\src\common\Utilities\Timer.h">
      <Filter>Utilities</Filter>
    </ClInclude>
    <ClInclude Include="G:\WORK\AzerothCore-wotlk-with-NPCBots\src\common\Utilities\Tokenize.h">
      <Filter>Utilities</Filter>
    </ClInclude>
    <ClInclude Include="G:\WORK\AzerothCore-wotlk-with-NPCBots\src\common\Utilities\Tuples.h">
      <Filter>Utilities</Filter>
    </ClInclude>
    <ClInclude Include="G:\WORK\AzerothCore-wotlk-with-NPCBots\src\common\Utilities\Types.h">
      <Filter>Utilities</Filter>
    </ClInclude>
    <ClInclude Include="G:\WORK\AzerothCore-wotlk-with-NPCBots\src\common\Utilities\Util.h">
      <Filter>Utilities</Filter>
    </ClInclude>
    <ClInclude Include="G:\WORK\AzerothCore-wotlk-with-NPCBots\src\common\Utilities\advstd.h">
      <Filter>Utilities</Filter>
    </ClInclude>
    <ClInclude Include="G:\WORK\AzerothCore-wotlk-with-NPCBots\src\common\Debugging\Errors.h">
      <Filter>Debugging</Filter>
    </ClInclude>
    <ClInclude Include="G:\WORK\BuildNPCBOT\src\common\CMakeFiles\common.dir\Debug\cmake_pch.hxx">
      <Filter>Precompile Header File</Filter>
    </ClInclude>
    <ClInclude Include="G:\WORK\BuildNPCBOT\src\common\CMakeFiles\common.dir\Release\cmake_pch.hxx">
      <Filter>Precompile Header File</Filter>
    </ClInclude>
    <ClInclude Include="G:\WORK\BuildNPCBOT\src\common\CMakeFiles\common.dir\MinSizeRel\cmake_pch.hxx">
      <Filter>Precompile Header File</Filter>
    </ClInclude>
    <ClInclude Include="G:\WORK\BuildNPCBOT\src\common\CMakeFiles\common.dir\RelWithDebInfo\cmake_pch.hxx">
      <Filter>Precompile Header File</Filter>
    </ClInclude>
  </ItemGroup>
  <ItemGroup>
    <CustomBuild Include="G:\WORK\AzerothCore-wotlk-with-NPCBots\src\common\CMakeLists.txt" />
  </ItemGroup>
  <ItemGroup>
    <Filter Include="Asio">
      <UniqueIdentifier>{1F5B159A-AEFB-31D7-9BED-B2A1A32F6C59}</UniqueIdentifier>
    </Filter>
    <Filter Include="Collision">
      <UniqueIdentifier>{617BDEB0-8621-325C-8EF6-9A81A2E21D54}</UniqueIdentifier>
    </Filter>
    <Filter Include="Collision\Management">
      <UniqueIdentifier>{069E55A3-E0B6-3445-8506-2E72A8E42831}</UniqueIdentifier>
    </Filter>
    <Filter Include="Collision\Maps">
      <UniqueIdentifier>{7F9A49E3-DAA4-3E43-8E48-2D6D490C2977}</UniqueIdentifier>
    </Filter>
    <Filter Include="Collision\Models">
      <UniqueIdentifier>{B86E5825-FE53-363D-9AF7-3771EBD38585}</UniqueIdentifier>
    </Filter>
    <Filter Include="Configuration">
      <UniqueIdentifier>{BD1E3848-7EBD-32F4-BB9F-095C0E0B5AFA}</UniqueIdentifier>
    </Filter>
    <Filter Include="Cryptography">
      <UniqueIdentifier>{7822F8AA-B6EE-35A3-9ABD-BF4242D4B06D}</UniqueIdentifier>
    </Filter>
    <Filter Include="Cryptography\Authentication">
      <UniqueIdentifier>{905C16EF-201F-360D-AE9B-44D45064B365}</UniqueIdentifier>
    </Filter>
    <Filter Include="DataStores">
      <UniqueIdentifier>{2ADD9CDD-8981-37E0-AEB7-D8025764DA54}</UniqueIdentifier>
    </Filter>
    <Filter Include="Debugging">
      <UniqueIdentifier>{E52F169B-9C91-3324-AEEB-CABD22407FE8}</UniqueIdentifier>
    </Filter>
    <Filter Include="Dynamic">
      <UniqueIdentifier>{93B0ACDF-B87D-3CD1-B31A-EAAAAA38A0F2}</UniqueIdentifier>
    </Filter>
    <Filter Include="Dynamic\LinkedReference">
      <UniqueIdentifier>{6A23FCED-49D3-33E3-BFC6-04A090519BDE}</UniqueIdentifier>
    </Filter>
    <Filter Include="Encoding">
      <UniqueIdentifier>{660BEAE5-8F11-335C-94AC-B86C6D6629CF}</UniqueIdentifier>
    </Filter>
    <Filter Include="IPLocation">
      <UniqueIdentifier>{A8409356-6081-379E-84F0-E86D3B3C9473}</UniqueIdentifier>
    </Filter>
    <Filter Include="Logging">
      <UniqueIdentifier>{DC871A55-7451-3B95-B27F-AC8C6E8EF60D}</UniqueIdentifier>
    </Filter>
    <Filter Include="Metric">
      <UniqueIdentifier>{04945F24-C0E1-37DE-9487-2C7736FEF2FA}</UniqueIdentifier>
    </Filter>
    <Filter Include="Navigation">
      <UniqueIdentifier>{B964AC02-9E1C-3DFD-A2CA-03C3CE84A003}</UniqueIdentifier>
    </Filter>
    <Filter Include="Precompile Header File">
      <UniqueIdentifier>{43B856E9-C690-3D51-B9FA-CC3FB2A4611C}</UniqueIdentifier>
    </Filter>
    <Filter Include="Source Files">
      <UniqueIdentifier>{C0034CBE-ACEB-382F-AA3E-B8AFC018FB8B}</UniqueIdentifier>
    </Filter>
    <Filter Include="Threading">
      <UniqueIdentifier>{8FA35CFA-B5EA-3912-AA1B-BD1A21E364CD}</UniqueIdentifier>
    </Filter>
    <Filter Include="Utilities">
      <UniqueIdentifier>{0EEAEFBD-77F4-383C-B9BB-1C4B74F8F3E8}</UniqueIdentifier>
    </Filter>
  </ItemGroup>
</Project>
